// !$*UTF8*$!
{
	archiveVersion = 1;
	classes = {
	};
	objectVersion = 55;
	objects = {

/* Begin PBXBuildFile section */
		BD10D95028A436DC00D87011 /* AppDelegate.swift in Sources */ = {isa = PBXBuildFile; fileRef = BD10D94F28A436DC00D87011 /* AppDelegate.swift */; };
		BD10D95228A436DC00D87011 /* SceneDelegate.swift in Sources */ = {isa = PBXBuildFile; fileRef = BD10D95128A436DC00D87011 /* SceneDelegate.swift */; };
		BD10D95428A436DC00D87011 /* ViewController.swift in Sources */ = {isa = PBXBuildFile; fileRef = BD10D95328A436DC00D87011 /* ViewController.swift */; };
		BD10D95728A436DC00D87011 /* Main.storyboard in Resources */ = {isa = PBXBuildFile; fileRef = BD10D95528A436DC00D87011 /* Main.storyboard */; };
		BD10D95A28A436DC00D87011 /* MiniProject1.xcdatamodeld in Sources */ = {isa = PBXBuildFile; fileRef = BD10D95828A436DC00D87011 /* MiniProject1.xcdatamodeld */; };
		BD10D95C28A436DE00D87011 /* Assets.xcassets in Resources */ = {isa = PBXBuildFile; fileRef = BD10D95B28A436DE00D87011 /* Assets.xcassets */; };
		BD10D95F28A436DE00D87011 /* LaunchScreen.storyboard in Resources */ = {isa = PBXBuildFile; fileRef = BD10D95D28A436DE00D87011 /* LaunchScreen.storyboard */; };
		BD10D96A28A436DE00D87011 /* MiniProject1Tests.swift in Sources */ = {isa = PBXBuildFile; fileRef = BD10D96928A436DE00D87011 /* MiniProject1Tests.swift */; };
		BD10D97428A436DE00D87011 /* MiniProject1UITests.swift in Sources */ = {isa = PBXBuildFile; fileRef = BD10D97328A436DE00D87011 /* MiniProject1UITests.swift */; };
		BD10D97628A436DE00D87011 /* MiniProject1UITestsLaunchTests.swift in Sources */ = {isa = PBXBuildFile; fileRef = BD10D97528A436DE00D87011 /* MiniProject1UITestsLaunchTests.swift */; };
/* End PBXBuildFile section */

/* Begin PBXContainerItemProxy section */
		BD10D96628A436DE00D87011 /* PBXContainerItemProxy */ = {
			isa = PBXContainerItemProxy;
			containerPortal = BD10D94428A436DC00D87011 /* Project object */;
			proxyType = 1;
			remoteGlobalIDString = BD10D94B28A436DC00D87011;
			remoteInfo = MiniProject1;
		};
		BD10D97028A436DE00D87011 /* PBXContainerItemProxy */ = {
			isa = PBXContainerItemProxy;
			containerPortal = BD10D94428A436DC00D87011 /* Project object */;
			proxyType = 1;
			remoteGlobalIDString = BD10D94B28A436DC00D87011;
			remoteInfo = MiniProject1;
		};
/* End PBXContainerItemProxy section */

/* Begin PBXFileReference section */
		BD10D94C28A436DC00D87011 /* MiniProject1.app */ = {isa = PBXFileReference; explicitFileType = wrapper.application; includeInIndex = 0; path = MiniProject1.app; sourceTree = BUILT_PRODUCTS_DIR; };
		BD10D94F28A436DC00D87011 /* AppDelegate.swift */ = {isa = PBXFileReference; lastKnownFileType = sourcecode.swift; path = AppDelegate.swift; sourceTree = "<group>"; };
		BD10D95128A436DC00D87011 /* SceneDelegate.swift */ = {isa = PBXFileReference; lastKnownFileType = sourcecode.swift; path = SceneDelegate.swift; sourceTree = "<group>"; };
		BD10D95328A436DC00D87011 /* ViewController.swift */ = {isa = PBXFileReference; lastKnownFileType = sourcecode.swift; path = ViewController.swift; sourceTree = "<group>"; };
		BD10D95628A436DC00D87011 /* Base */ = {isa = PBXFileReference; lastKnownFileType = file.storyboard; name = Base; path = Base.lproj/Main.storyboard; sourceTree = "<group>"; };
		BD10D95928A436DC00D87011 /* MiniProject1.xcdatamodel */ = {isa = PBXFileReference; lastKnownFileType = wrapper.xcdatamodel; path = MiniProject1.xcdatamodel; sourceTree = "<group>"; };
		BD10D95B28A436DE00D87011 /* Assets.xcassets */ = {isa = PBXFileReference; lastKnownFileType = folder.assetcatalog; path = Assets.xcassets; sourceTree = "<group>"; };
		BD10D95E28A436DE00D87011 /* Base */ = {isa = PBXFileReference; lastKnownFileType = file.storyboard; name = Base; path = Base.lproj/LaunchScreen.storyboard; sourceTree = "<group>"; };
		BD10D96028A436DE00D87011 /* Info.plist */ = {isa = PBXFileReference; lastKnownFileType = text.plist.xml; path = Info.plist; sourceTree = "<group>"; };
		BD10D96528A436DE00D87011 /* MiniProject1Tests.xctest */ = {isa = PBXFileReference; explicitFileType = wrapper.cfbundle; includeInIndex = 0; path = MiniProject1Tests.xctest; sourceTree = BUILT_PRODUCTS_DIR; };
		BD10D96928A436DE00D87011 /* MiniProject1Tests.swift */ = {isa = PBXFileReference; lastKnownFileType = sourcecode.swift; path = MiniProject1Tests.swift; sourceTree = "<group>"; };
		BD10D96F28A436DE00D87011 /* MiniProject1UITests.xctest */ = {isa = PBXFileReference; explicitFileType = wrapper.cfbundle; includeInIndex = 0; path = MiniProject1UITests.xctest; sourceTree = BUILT_PRODUCTS_DIR; };
		BD10D97328A436DE00D87011 /* MiniProject1UITests.swift */ = {isa = PBXFileReference; lastKnownFileType = sourcecode.swift; path = MiniProject1UITests.swift; sourceTree = "<group>"; };
		BD10D97528A436DE00D87011 /* MiniProject1UITestsLaunchTests.swift */ = {isa = PBXFileReference; lastKnownFileType = sourcecode.swift; path = MiniProject1UITestsLaunchTests.swift; sourceTree = "<group>"; };
/* End PBXFileReference section */

/* Begin PBXFrameworksBuildPhase section */
		BD10D94928A436DC00D87011 /* Frameworks */ = {
			isa = PBXFrameworksBuildPhase;
			buildActionMask = 2147483647;
			files = (
			);
			runOnlyForDeploymentPostprocessing = 0;
		};
		BD10D96228A436DE00D87011 /* Frameworks */ = {
			isa = PBXFrameworksBuildPhase;
			buildActionMask = 2147483647;
			files = (
			);
			runOnlyForDeploymentPostprocessing = 0;
		};
		BD10D96C28A436DE00D87011 /* Frameworks */ = {
			isa = PBXFrameworksBuildPhase;
			buildActionMask = 2147483647;
			files = (
			);
			runOnlyForDeploymentPostprocessing = 0;
		};
/* End PBXFrameworksBuildPhase section */

/* Begin PBXGroup section */
		BD10D94328A436DC00D87011 = {
			isa = PBXGroup;
			children = (
				BD10D94E28A436DC00D87011 /* MiniProject1 */,
				BD10D96828A436DE00D87011 /* MiniProject1Tests */,
				BD10D97228A436DE00D87011 /* MiniProject1UITests */,
				BD10D94D28A436DC00D87011 /* Products */,
			);
			sourceTree = "<group>";
		};
		BD10D94D28A436DC00D87011 /* Products */ = {
			isa = PBXGroup;
			children = (
				BD10D94C28A436DC00D87011 /* MiniProject1.app */,
				BD10D96528A436DE00D87011 /* MiniProject1Tests.xctest */,
				BD10D96F28A436DE00D87011 /* MiniProject1UITests.xctest */,
			);
			name = Products;
			sourceTree = "<group>";
		};
		BD10D94E28A436DC00D87011 /* MiniProject1 */ = {
			isa = PBXGroup;
			children = (
				BD10D94F28A436DC00D87011 /* AppDelegate.swift */,
				BD10D95128A436DC00D87011 /* SceneDelegate.swift */,
				BD10D95328A436DC00D87011 /* ViewController.swift */,
				BD10D95528A436DC00D87011 /* Main.storyboard */,
				BD10D95B28A436DE00D87011 /* Assets.xcassets */,
				BD10D95D28A436DE00D87011 /* LaunchScreen.storyboard */,
				BD10D96028A436DE00D87011 /* Info.plist */,
				BD10D95828A436DC00D87011 /* MiniProject1.xcdatamodeld */,
			);
			path = MiniProject1;
			sourceTree = "<group>";
		};
		BD10D96828A436DE00D87011 /* MiniProject1Tests */ = {
			isa = PBXGroup;
			children = (
				BD10D96928A436DE00D87011 /* MiniProject1Tests.swift */,
			);
			path = MiniProject1Tests;
			sourceTree = "<group>";
		};
		BD10D97228A436DE00D87011 /* MiniProject1UITests */ = {
			isa = PBXGroup;
			children = (
				BD10D97328A436DE00D87011 /* MiniProject1UITests.swift */,
				BD10D97528A436DE00D87011 /* MiniProject1UITestsLaunchTests.swift */,
			);
			path = MiniProject1UITests;
			sourceTree = "<group>";
		};
/* End PBXGroup section */

/* Begin PBXNativeTarget section */
		BD10D94B28A436DC00D87011 /* MiniProject1 */ = {
			isa = PBXNativeTarget;
			buildConfigurationList = BD10D97928A436DE00D87011 /* Build configuration list for PBXNativeTarget "MiniProject1" */;
			buildPhases = (
				BD10D94828A436DC00D87011 /* Sources */,
				BD10D94928A436DC00D87011 /* Frameworks */,
				BD10D94A28A436DC00D87011 /* Resources */,
			);
			buildRules = (
			);
			dependencies = (
			);
			name = MiniProject1;
			productName = MiniProject1;
			productReference = BD10D94C28A436DC00D87011 /* MiniProject1.app */;
			productType = "com.apple.product-type.application";
		};
		BD10D96428A436DE00D87011 /* MiniProject1Tests */ = {
			isa = PBXNativeTarget;
			buildConfigurationList = BD10D97C28A436DE00D87011 /* Build configuration list for PBXNativeTarget "MiniProject1Tests" */;
			buildPhases = (
				BD10D96128A436DE00D87011 /* Sources */,
				BD10D96228A436DE00D87011 /* Frameworks */,
				BD10D96328A436DE00D87011 /* Resources */,
			);
			buildRules = (
			);
			dependencies = (
				BD10D96728A436DE00D87011 /* PBXTargetDependency */,
			);
			name = MiniProject1Tests;
			productName = MiniProject1Tests;
			productReference = BD10D96528A436DE00D87011 /* MiniProject1Tests.xctest */;
			productType = "com.apple.product-type.bundle.unit-test";
		};
		BD10D96E28A436DE00D87011 /* MiniProject1UITests */ = {
			isa = PBXNativeTarget;
			buildConfigurationList = BD10D97F28A436DE00D87011 /* Build configuration list for PBXNativeTarget "MiniProject1UITests" */;
			buildPhases = (
				BD10D96B28A436DE00D87011 /* Sources */,
				BD10D96C28A436DE00D87011 /* Frameworks */,
				BD10D96D28A436DE00D87011 /* Resources */,
			);
			buildRules = (
			);
			dependencies = (
				BD10D97128A436DE00D87011 /* PBXTargetDependency */,
			);
			name = MiniProject1UITests;
			productName = MiniProject1UITests;
			productReference = BD10D96F28A436DE00D87011 /* MiniProject1UITests.xctest */;
			productType = "com.apple.product-type.bundle.ui-testing";
		};
/* End PBXNativeTarget section */

/* Begin PBXProject section */
		BD10D94428A436DC00D87011 /* Project object */ = {
			isa = PBXProject;
			attributes = {
				BuildIndependentTargetsInParallel = 1;
				LastSwiftUpdateCheck = 1340;
				LastUpgradeCheck = 1340;
				TargetAttributes = {
					BD10D94B28A436DC00D87011 = {
						CreatedOnToolsVersion = 13.4.1;
					};
					BD10D96428A436DE00D87011 = {
						CreatedOnToolsVersion = 13.4.1;
						TestTargetID = BD10D94B28A436DC00D87011;
					};
					BD10D96E28A436DE00D87011 = {
						CreatedOnToolsVersion = 13.4.1;
						TestTargetID = BD10D94B28A436DC00D87011;
					};
				};
			};
			buildConfigurationList = BD10D94728A436DC00D87011 /* Build configuration list for PBXProject "MiniProject1" */;
			compatibilityVersion = "Xcode 13.0";
			developmentRegion = en;
			hasScannedForEncodings = 0;
			knownRegions = (
				en,
				Base,
			);
			mainGroup = BD10D94328A436DC00D87011;
			productRefGroup = BD10D94D28A436DC00D87011 /* Products */;
			projectDirPath = "";
			projectRoot = "";
			targets = (
				BD10D94B28A436DC00D87011 /* MiniProject1 */,
				BD10D96428A436DE00D87011 /* MiniProject1Tests */,
				BD10D96E28A436DE00D87011 /* MiniProject1UITests */,
			);
		};
/* End PBXProject section */

/* Begin PBXResourcesBuildPhase section */
		BD10D94A28A436DC00D87011 /* Resources */ = {
			isa = PBXResourcesBuildPhase;
			buildActionMask = 2147483647;
			files = (
				BD10D95F28A436DE00D87011 /* LaunchScreen.storyboard in Resources */,
				BD10D95C28A436DE00D87011 /* Assets.xcassets in Resources */,
				BD10D95728A436DC00D87011 /* Main.storyboard in Resources */,
			);
			runOnlyForDeploymentPostprocessing = 0;
		};
		BD10D96328A436DE00D87011 /* Resources */ = {
			isa = PBXResourcesBuildPhase;
			buildActionMask = 2147483647;
			files = (
			);
			runOnlyForDeploymentPostprocessing = 0;
		};
		BD10D96D28A436DE00D87011 /* Resources */ = {
			isa = PBXResourcesBuildPhase;
			buildActionMask = 2147483647;
			files = (
			);
			runOnlyForDeploymentPostprocessing = 0;
		};
/* End PBXResourcesBuildPhase section */

/* Begin PBXSourcesBuildPhase section */
		BD10D94828A436DC00D87011 /* Sources */ = {
			isa = PBXSourcesBuildPhase;
			buildActionMask = 2147483647;
			files = (
				BD10D95428A436DC00D87011 /* ViewController.swift in Sources */,
				BD10D95028A436DC00D87011 /* AppDelegate.swift in Sources */,
				BD10D95A28A436DC00D87011 /* MiniProject1.xcdatamodeld in Sources */,
				BD10D95228A436DC00D87011 /* SceneDelegate.swift in Sources */,
			);
			runOnlyForDeploymentPostprocessing = 0;
		};
		BD10D96128A436DE00D87011 /* Sources */ = {
			isa = PBXSourcesBuildPhase;
			buildActionMask = 2147483647;
			files = (
				BD10D96A28A436DE00D87011 /* MiniProject1Tests.swift in Sources */,
			);
			runOnlyForDeploymentPostprocessing = 0;
		};
		BD10D96B28A436DE00D87011 /* Sources */ = {
			isa = PBXSourcesBuildPhase;
			buildActionMask = 2147483647;
			files = (
				BD10D97428A436DE00D87011 /* MiniProject1UITests.swift in Sources */,
				BD10D97628A436DE00D87011 /* MiniProject1UITestsLaunchTests.swift in Sources */,
			);
			runOnlyForDeploymentPostprocessing = 0;
		};
/* End PBXSourcesBuildPhase section */

/* Begin PBXTargetDependency section */
		BD10D96728A436DE00D87011 /* PBXTargetDependency */ = {
			isa = PBXTargetDependency;
			target = BD10D94B28A436DC00D87011 /* MiniProject1 */;
			targetProxy = BD10D96628A436DE00D87011 /* PBXContainerItemProxy */;
		};
		BD10D97128A436DE00D87011 /* PBXTargetDependency */ = {
			isa = PBXTargetDependency;
			target = BD10D94B28A436DC00D87011 /* MiniProject1 */;
			targetProxy = BD10D97028A436DE00D87011 /* PBXContainerItemProxy */;
		};
/* End PBXTargetDependency section */

/* Begin PBXVariantGroup section */
		BD10D95528A436DC00D87011 /* Main.storyboard */ = {
			isa = PBXVariantGroup;
			children = (
				BD10D95628A436DC00D87011 /* Base */,
			);
			name = Main.storyboard;
			sourceTree = "<group>";
		};
		BD10D95D28A436DE00D87011 /* LaunchScreen.storyboard */ = {
			isa = PBXVariantGroup;
			children = (
				BD10D95E28A436DE00D87011 /* Base */,
			);
			name = LaunchScreen.storyboard;
			sourceTree = "<group>";
		};
/* End PBXVariantGroup section */

/* Begin XCBuildConfiguration section */
		BD10D97728A436DE00D87011 /* Debug */ = {
			isa = XCBuildConfiguration;
			buildSettings = {
				ALWAYS_SEARCH_USER_PATHS = NO;
				CLANG_ANALYZER_NONNULL = YES;
				CLANG_ANALYZER_NUMBER_OBJECT_CONVERSION = YES_AGGRESSIVE;
				CLANG_CXX_LANGUAGE_STANDARD = "gnu++17";
				CLANG_ENABLE_MODULES = YES;
				CLANG_ENABLE_OBJC_ARC = YES;
				CLANG_ENABLE_OBJC_WEAK = YES;
				CLANG_WARN_BLOCK_CAPTURE_AUTORELEASING = YES;
				CLANG_WARN_BOOL_CONVERSION = YES;
				CLANG_WARN_COMMA = YES;
				CLANG_WARN_CONSTANT_CONVERSION = YES;
				CLANG_WARN_DEPRECATED_OBJC_IMPLEMENTATIONS = YES;
				CLANG_WARN_DIRECT_OBJC_ISA_USAGE = YES_ERROR;
				CLANG_WARN_DOCUMENTATION_COMMENTS = YES;
				CLANG_WARN_EMPTY_BODY = YES;
				CLANG_WARN_ENUM_CONVERSION = YES;
				CLANG_WARN_INFINITE_RECURSION = YES;
				CLANG_WARN_INT_CONVERSION = YES;
				CLANG_WARN_NON_LITERAL_NULL_CONVERSION = YES;
				CLANG_WARN_OBJC_IMPLICIT_RETAIN_SELF = YES;
				CLANG_WARN_OBJC_LITERAL_CONVERSION = YES;
				CLANG_WARN_OBJC_ROOT_CLASS = YES_ERROR;
				CLANG_WARN_QUOTED_INCLUDE_IN_FRAMEWORK_HEADER = YES;
				CLANG_WARN_RANGE_LOOP_ANALYSIS = YES;
				CLANG_WARN_STRICT_PROTOTYPES = YES;
				CLANG_WARN_SUSPICIOUS_MOVE = YES;
				CLANG_WARN_UNGUARDED_AVAILABILITY = YES_AGGRESSIVE;
				CLANG_WARN_UNREACHABLE_CODE = YES;
				CLANG_WARN__DUPLICATE_METHOD_MATCH = YES;
				COPY_PHASE_STRIP = NO;
				DEBUG_INFORMATION_FORMAT = dwarf;
				ENABLE_STRICT_OBJC_MSGSEND = YES;
				ENABLE_TESTABILITY = YES;
				GCC_C_LANGUAGE_STANDARD = gnu11;
				GCC_DYNAMIC_NO_PIC = NO;
				GCC_NO_COMMON_BLOCKS = YES;
				GCC_OPTIMIZATION_LEVEL = 0;
				GCC_PREPROCESSOR_DEFINITIONS = (
					"DEBUG=1",
					"$(inherited)",
				);
				GCC_WARN_64_TO_32_BIT_CONVERSION = YES;
				GCC_WARN_ABOUT_RETURN_TYPE = YES_ERROR;
				GCC_WARN_UNDECLARED_SELECTOR = YES;
				GCC_WARN_UNINITIALIZED_AUTOS = YES_AGGRESSIVE;
				GCC_WARN_UNUSED_FUNCTION = YES;
				GCC_WARN_UNUSED_VARIABLE = YES;
				IPHONEOS_DEPLOYMENT_TARGET = 15.5;
				MTL_ENABLE_DEBUG_INFO = INCLUDE_SOURCE;
				MTL_FAST_MATH = YES;
				ONLY_ACTIVE_ARCH = YES;
				SDKROOT = iphoneos;
				SWIFT_ACTIVE_COMPILATION_CONDITIONS = DEBUG;
				SWIFT_OPTIMIZATION_LEVEL = "-Onone";
			};
			name = Debug;
		};
		BD10D97828A436DE00D87011 /* Release */ = {
			isa = XCBuildConfiguration;
			buildSettings = {
				ALWAYS_SEARCH_USER_PATHS = NO;
				CLANG_ANALYZER_NONNULL = YES;
				CLANG_ANALYZER_NUMBER_OBJECT_CONVERSION = YES_AGGRESSIVE;
				CLANG_CXX_LANGUAGE_STANDARD = "gnu++17";
				CLANG_ENABLE_MODULES = YES;
				CLANG_ENABLE_OBJC_ARC = YES;
				CLANG_ENABLE_OBJC_WEAK = YES;
				CLANG_WARN_BLOCK_CAPTURE_AUTORELEASING = YES;
				CLANG_WARN_BOOL_CONVERSION = YES;
				CLANG_WARN_COMMA = YES;
				CLANG_WARN_CONSTANT_CONVERSION = YES;
				CLANG_WARN_DEPRECATED_OBJC_IMPLEMENTATIONS = YES;
				CLANG_WARN_DIRECT_OBJC_ISA_USAGE = YES_ERROR;
				CLANG_WARN_DOCUMENTATION_COMMENTS = YES;
				CLANG_WARN_EMPTY_BODY = YES;
				CLANG_WARN_ENUM_CONVERSION = YES;
				CLANG_WARN_INFINITE_RECURSION = YES;
				CLANG_WARN_INT_CONVERSION = YES;
				CLANG_WARN_NON_LITERAL_NULL_CONVERSION = YES;
				CLANG_WARN_OBJC_IMPLICIT_RETAIN_SELF = YES;
				CLANG_WARN_OBJC_LITERAL_CONVERSION = YES;
				CLANG_WARN_OBJC_ROOT_CLASS = YES_ERROR;
				CLANG_WARN_QUOTED_INCLUDE_IN_FRAMEWORK_HEADER = YES;
				CLANG_WARN_RANGE_LOOP_ANALYSIS = YES;
				CLANG_WARN_STRICT_PROTOTYPES = YES;
				CLANG_WARN_SUSPICIOUS_MOVE = YES;
				CLANG_WARN_UNGUARDED_AVAILABILITY = YES_AGGRESSIVE;
				CLANG_WARN_UNREACHABLE_CODE = YES;
				CLANG_WARN__DUPLICATE_METHOD_MATCH = YES;
				COPY_PHASE_STRIP = NO;
				DEBUG_INFORMATION_FORMAT = "dwarf-with-dsym";
				ENABLE_NS_ASSERTIONS = NO;
				ENABLE_STRICT_OBJC_MSGSEND = YES;
				GCC_C_LANGUAGE_STANDARD = gnu11;
				GCC_NO_COMMON_BLOCKS = YES;
				GCC_WARN_64_TO_32_BIT_CONVERSION = YES;
				GCC_WARN_ABOUT_RETURN_TYPE = YES_ERROR;
				GCC_WARN_UNDECLARED_SELECTOR = YES;
				GCC_WARN_UNINITIALIZED_AUTOS = YES_AGGRESSIVE;
				GCC_WARN_UNUSED_FUNCTION = YES;
				GCC_WARN_UNUSED_VARIABLE = YES;
				IPHONEOS_DEPLOYMENT_TARGET = 15.5;
				MTL_ENABLE_DEBUG_INFO = NO;
				MTL_FAST_MATH = YES;
				SDKROOT = iphoneos;
				SWIFT_COMPILATION_MODE = wholemodule;
				SWIFT_OPTIMIZATION_LEVEL = "-O";
				VALIDATE_PRODUCT = YES;
			};
			name = Release;
		};
		BD10D97A28A436DE00D87011 /* Debug */ = {
			isa = XCBuildConfiguration;
			buildSettings = {
				ASSETCATALOG_COMPILER_APPICON_NAME = AppIcon;
				ASSETCATALOG_COMPILER_GLOBAL_ACCENT_COLOR_NAME = AccentColor;
				CODE_SIGN_STYLE = Automatic;
				CURRENT_PROJECT_VERSION = 1;
				GENERATE_INFOPLIST_FILE = YES;
				INFOPLIST_FILE = MiniProject1/Info.plist;
				INFOPLIST_KEY_UIApplicationSupportsIndirectInputEvents = YES;
				INFOPLIST_KEY_UILaunchStoryboardName = LaunchScreen;
				INFOPLIST_KEY_UIMainStoryboardFile = Main;
				INFOPLIST_KEY_UISupportedInterfaceOrientations_iPad = "UIInterfaceOrientationPortrait UIInterfaceOrientationPortraitUpsideDown UIInterfaceOrientationLandscapeLeft UIInterfaceOrientationLandscapeRight";
				INFOPLIST_KEY_UISupportedInterfaceOrientations_iPhone = "UIInterfaceOrientationPortrait UIInterfaceOrientationLandscapeLeft UIInterfaceOrientationLandscapeRight";
				LD_RUNPATH_SEARCH_PATHS = (
					"$(inherited)",
					"@executable_path/Frameworks",
				);
				MARKETING_VERSION = 1.0;
				PRODUCT_BUNDLE_IDENTIFIER = kwk.MiniProject1;
				PRODUCT_NAME = "$(TARGET_NAME)";
				SWIFT_EMIT_LOC_STRINGS = YES;
				SWIFT_VERSION = 5.0;
				TARGETED_DEVICE_FAMILY = "1,2";
			};
			name = Debug;
		};
		BD10D97B28A436DE00D87011 /* Release */ = {
			isa = XCBuildConfiguration;
			buildSettings = {
				ASSETCATALOG_COMPILER_APPICON_NAME = AppIcon;
				ASSETCATALOG_COMPILER_GLOBAL_ACCENT_COLOR_NAME = AccentColor;
				CODE_SIGN_STYLE = Automatic;
				CURRENT_PROJECT_VERSION = 1;
				GENERATE_INFOPLIST_FILE = YES;
				INFOPLIST_FILE = MiniProject1/Info.plist;
				INFOPLIST_KEY_UIApplicationSupportsIndirectInputEvents = YES;
				INFOPLIST_KEY_UILaunchStoryboardName = LaunchScreen;
				INFOPLIST_KEY_UIMainStoryboardFile = Main;
				INFOPLIST_KEY_UISupportedInterfaceOrientations_iPad = "UIInterfaceOrientationPortrait UIInterfaceOrientationPortraitUpsideDown UIInterfaceOrientationLandscapeLeft UIInterfaceOrientationLandscapeRight";
				INFOPLIST_KEY_UISupportedInterfaceOrientations_iPhone = "UIInterfaceOrientationPortrait UIInterfaceOrientationLandscapeLeft UIInterfaceOrientationLandscapeRight";
				LD_RUNPATH_SEARCH_PATHS = (
					"$(inherited)",
					"@executable_path/Frameworks",
				);
				MARKETING_VERSION = 1.0;
				PRODUCT_BUNDLE_IDENTIFIER = kwk.MiniProject1;
				PRODUCT_NAME = "$(TARGET_NAME)";
				SWIFT_EMIT_LOC_STRINGS = YES;
				SWIFT_VERSION = 5.0;
				TARGETED_DEVICE_FAMILY = "1,2";
			};
			name = Release;
		};
		BD10D97D28A436DE00D87011 /* Debug */ = {
			isa = XCBuildConfiguration;
			buildSettings = {
				ALWAYS_EMBED_SWIFT_STANDARD_LIBRARIES = YES;
				BUNDLE_LOADER = "$(TEST_HOST)";
				CODE_SIGN_STYLE = Automatic;
				CURRENT_PROJECT_VERSION = 1;
				GENERATE_INFOPLIST_FILE = YES;
				IPHONEOS_DEPLOYMENT_TARGET = 15.5;
				MARKETING_VERSION = 1.0;
				PRODUCT_BUNDLE_IDENTIFIER = kwk.MiniProject1Tests;
				PRODUCT_NAME = "$(TARGET_NAME)";
				SWIFT_EMIT_LOC_STRINGS = NO;
				SWIFT_VERSION = 5.0;
				TARGETED_DEVICE_FAMILY = "1,2";
				TEST_HOST = "$(BUILT_PRODUCTS_DIR)/MiniProject1.app/MiniProject1";
			};
			name = Debug;
		};
		BD10D97E28A436DE00D87011 /* Release */ = {
			isa = XCBuildConfiguration;
			buildSettings = {
				ALWAYS_EMBED_SWIFT_STANDARD_LIBRARIES = YES;
				BUNDLE_LOADER = "$(TEST_HOST)";
				CODE_SIGN_STYLE = Automatic;
				CURRENT_PROJECT_VERSION = 1;
				GENERATE_INFOPLIST_FILE = YES;
				IPHONEOS_DEPLOYMENT_TARGET = 15.5;
				MARKETING_VERSION = 1.0;
				PRODUCT_BUNDLE_IDENTIFIER = kwk.MiniProject1Tests;
				PRODUCT_NAME = "$(TARGET_NAME)";
				SWIFT_EMIT_LOC_STRINGS = NO;
				SWIFT_VERSION = 5.0;
				TARGETED_DEVICE_FAMILY = "1,2";
				TEST_HOST = "$(BUILT_PRODUCTS_DIR)/MiniProject1.app/MiniProject1";
			};
			name = Release;
		};
		BD10D98028A436DE00D87011 /* Debug */ = {
			isa = XCBuildConfiguration;
			buildSettings = {
				ALWAYS_EMBED_SWIFT_STANDARD_LIBRARIES = YES;
				CODE_SIGN_STYLE = Automatic;
				CURRENT_PROJECT_VERSION = 1;
				GENERATE_INFOPLIST_FILE = YES;
				MARKETING_VERSION = 1.0;
				PRODUCT_BUNDLE_IDENTIFIER = kwk.MiniProject1UITests;
				PRODUCT_NAME = "$(TARGET_NAME)";
				SWIFT_EMIT_LOC_STRINGS = NO;
				SWIFT_VERSION = 5.0;
				TARGETED_DEVICE_FAMILY = "1,2";
				TEST_TARGET_NAME = MiniProject1;
			};
			name = Debug;
		};
		BD10D98128A436DE00D87011 /* Release */ = {
			isa = XCBuildConfiguration;
			buildSettings = {
				ALWAYS_EMBED_SWIFT_STANDARD_LIBRARIES = YES;
				CODE_SIGN_STYLE = Automatic;
				CURRENT_PROJECT_VERSION = 1;
				GENERATE_INFOPLIST_FILE = YES;
				MARKETING_VERSION = 1.0;
				PRODUCT_BUNDLE_IDENTIFIER = kwk.MiniProject1UITests;
				PRODUCT_NAME = "$(TARGET_NAME)";
				SWIFT_EMIT_LOC_STRINGS = NO;
				SWIFT_VERSION = 5.0;
				TARGETED_DEVICE_FAMILY = "1,2";
				TEST_TARGET_NAME = MiniProject1;
			};
			name = Release;
		};
/* End XCBuildConfiguration section */

/* Begin XCConfigurationList section */
		BD10D94728A436DC00D87011 /* Build configuration list for PBXProject "MiniProject1" */ = {
			isa = XCConfigurationList;
			buildConfigurations = (
				BD10D97728A436DE00D87011 /* Debug */,
				BD10D97828A436DE00D87011 /* Release */,
			);
			defaultConfigurationIsVisible = 0;
			defaultConfigurationName = Release;
		};
		BD10D97928A436DE00D87011 /* Build configuration list for PBXNativeTarget "MiniProject1" */ = {
			isa = XCConfigurationList;
			buildConfigurations = (
				BD10D97A28A436DE00D87011 /* Debug */,
				BD10D97B28A436DE00D87011 /* Release */,
			);
			defaultConfigurationIsVisible = 0;
			defaultConfigurationName = Release;
		};
		BD10D97C28A436DE00D87011 /* Build configuration list for PBXNativeTarget "MiniProject1Tests" */ = {
			isa = XCConfigurationList;
			buildConfigurations = (
				BD10D97D28A436DE00D87011 /* Debug */,
				BD10D97E28A436DE00D87011 /* Release */,
			);
			defaultConfigurationIsVisible = 0;
			defaultConfigurationName = Release;
		};
		BD10D97F28A436DE00D87011 /* Build configuration list for PBXNativeTarget "MiniProject1UITests" */ = {
			isa = XCConfigurationList;
			buildConfigurations = (
				BD10D98028A436DE00D87011 /* Debug */,
				BD10D98128A436DE00D87011 /* Release */,
			);
			defaultConfigurationIsVisible = 0;
			defaultConfigurationName = Release;
		};
/* End XCConfigurationList section */

/* Begin XCVersionGroup section */
		BD10D95828A436DC00D87011 /* MiniProject1.xcdatamodeld */ = {
			isa = XCVersionGroup;
			children = (
				BD10D95928A436DC00D87011 /* MiniProject1.xcdatamodel */,
			);
			currentVersion = BD10D95928A436DC00D87011 /* MiniProject1.xcdatamodel */;
			path = MiniProject1.xcdatamodeld;
			sourceTree = "<group>";
			versionGroupType = wrapper.xcdatamodel;
		};
/* End XCVersionGroup section */
	};
	rootObject = BD10D94428A436DC00D87011 /* Project object */;
}
