// !$*UTF8*$!
{
	archiveVersion = 1;
	classes = {
	};
	objectVersion = 55;
	objects = {

/* Begin PBXBuildFile section */
		BD10D98F28A53EFB00D87011 /* AppDelegate.swift in Sources */ = {isa = PBXBuildFile; fileRef = BD10D98E28A53EFB00D87011 /* AppDelegate.swift */; };
		BD10D99128A53EFB00D87011 /* SceneDelegate.swift in Sources */ = {isa = PBXBuildFile; fileRef = BD10D99028A53EFB00D87011 /* SceneDelegate.swift */; };
		BD10D99328A53EFB00D87011 /* ViewController.swift in Sources */ = {isa = PBXBuildFile; fileRef = BD10D99228A53EFB00D87011 /* ViewController.swift */; };
		BD10D99628A53EFB00D87011 /* Main.storyboard in Resources */ = {isa = PBXBuildFile; fileRef = BD10D99428A53EFB00D87011 /* Main.storyboard */; };
		BD10D99928A53EFB00D87011 /* Intro_to_Segues.xcdatamodeld in Sources */ = {isa = PBXBuildFile; fileRef = BD10D99728A53EFB00D87011 /* Intro_to_Segues.xcdatamodeld */; };
		BD10D99B28A53EFC00D87011 /* Assets.xcassets in Resources */ = {isa = PBXBuildFile; fileRef = BD10D99A28A53EFC00D87011 /* Assets.xcassets */; };
		BD10D99E28A53EFC00D87011 /* LaunchScreen.storyboard in Resources */ = {isa = PBXBuildFile; fileRef = BD10D99C28A53EFC00D87011 /* LaunchScreen.storyboard */; };
		BD10D9A928A53EFC00D87011 /* Intro_to_SeguesTests.swift in Sources */ = {isa = PBXBuildFile; fileRef = BD10D9A828A53EFC00D87011 /* Intro_to_SeguesTests.swift */; };
		BD10D9B328A53EFD00D87011 /* Intro_to_SeguesUITests.swift in Sources */ = {isa = PBXBuildFile; fileRef = BD10D9B228A53EFD00D87011 /* Intro_to_SeguesUITests.swift */; };
		BD10D9B528A53EFD00D87011 /* Intro_to_SeguesUITestsLaunchTests.swift in Sources */ = {isa = PBXBuildFile; fileRef = BD10D9B428A53EFD00D87011 /* Intro_to_SeguesUITestsLaunchTests.swift */; };
		BD10D9C228A542E500D87011 /* ViewController2.swift in Sources */ = {isa = PBXBuildFile; fileRef = BD10D9C128A542E500D87011 /* ViewController2.swift */; };
/* End PBXBuildFile section */

/* Begin PBXContainerItemProxy section */
		BD10D9A528A53EFC00D87011 /* PBXContainerItemProxy */ = {
			isa = PBXContainerItemProxy;
			containerPortal = BD10D98328A53EFB00D87011 /* Project object */;
			proxyType = 1;
			remoteGlobalIDString = BD10D98A28A53EFB00D87011;
			remoteInfo = "Intro-to-Segues";
		};
		BD10D9AF28A53EFD00D87011 /* PBXContainerItemProxy */ = {
			isa = PBXContainerItemProxy;
			containerPortal = BD10D98328A53EFB00D87011 /* Project object */;
			proxyType = 1;
			remoteGlobalIDString = BD10D98A28A53EFB00D87011;
			remoteInfo = "Intro-to-Segues";
		};
/* End PBXContainerItemProxy section */

/* Begin PBXFileReference section */
		BD10D98B28A53EFB00D87011 /* Intro-to-Segues.app */ = {isa = PBXFileReference; explicitFileType = wrapper.application; includeInIndex = 0; path = "Intro-to-Segues.app"; sourceTree = BUILT_PRODUCTS_DIR; };
		BD10D98E28A53EFB00D87011 /* AppDelegate.swift */ = {isa = PBXFileReference; lastKnownFileType = sourcecode.swift; path = AppDelegate.swift; sourceTree = "<group>"; };
		BD10D99028A53EFB00D87011 /* SceneDelegate.swift */ = {isa = PBXFileReference; lastKnownFileType = sourcecode.swift; path = SceneDelegate.swift; sourceTree = "<group>"; };
		BD10D99228A53EFB00D87011 /* ViewController.swift */ = {isa = PBXFileReference; lastKnownFileType = sourcecode.swift; path = ViewController.swift; sourceTree = "<group>"; };
		BD10D99528A53EFB00D87011 /* Base */ = {isa = PBXFileReference; lastKnownFileType = file.storyboard; name = Base; path = Base.lproj/Main.storyboard; sourceTree = "<group>"; };
		BD10D99828A53EFB00D87011 /* Intro_to_Segues.xcdatamodel */ = {isa = PBXFileReference; lastKnownFileType = wrapper.xcdatamodel; path = Intro_to_Segues.xcdatamodel; sourceTree = "<group>"; };
		BD10D99A28A53EFC00D87011 /* Assets.xcassets */ = {isa = PBXFileReference; lastKnownFileType = folder.assetcatalog; path = Assets.xcassets; sourceTree = "<group>"; };
		BD10D99D28A53EFC00D87011 /* Base */ = {isa = PBXFileReference; lastKnownFileType = file.storyboard; name = Base; path = Base.lproj/LaunchScreen.storyboard; sourceTree = "<group>"; };
		BD10D99F28A53EFC00D87011 /* Info.plist */ = {isa = PBXFileReference; lastKnownFileType = text.plist.xml; path = Info.plist; sourceTree = "<group>"; };
		BD10D9A428A53EFC00D87011 /* Intro-to-SeguesTests.xctest */ = {isa = PBXFileReference; explicitFileType = wrapper.cfbundle; includeInIndex = 0; path = "Intro-to-SeguesTests.xctest"; sourceTree = BUILT_PRODUCTS_DIR; };
		BD10D9A828A53EFC00D87011 /* Intro_to_SeguesTests.swift */ = {isa = PBXFileReference; lastKnownFileType = sourcecode.swift; path = Intro_to_SeguesTests.swift; sourceTree = "<group>"; };
		BD10D9AE28A53EFC00D87011 /* Intro-to-SeguesUITests.xctest */ = {isa = PBXFileReference; explicitFileType = wrapper.cfbundle; includeInIndex = 0; path = "Intro-to-SeguesUITests.xctest"; sourceTree = BUILT_PRODUCTS_DIR; };
		BD10D9B228A53EFD00D87011 /* Intro_to_SeguesUITests.swift */ = {isa = PBXFileReference; lastKnownFileType = sourcecode.swift; path = Intro_to_SeguesUITests.swift; sourceTree = "<group>"; };
		BD10D9B428A53EFD00D87011 /* Intro_to_SeguesUITestsLaunchTests.swift */ = {isa = PBXFileReference; lastKnownFileType = sourcecode.swift; path = Intro_to_SeguesUITestsLaunchTests.swift; sourceTree = "<group>"; };
		BD10D9C128A542E500D87011 /* ViewController2.swift */ = {isa = PBXFileReference; lastKnownFileType = sourcecode.swift; path = ViewController2.swift; sourceTree = "<group>"; };
/* End PBXFileReference section */

/* Begin PBXFrameworksBuildPhase section */
		BD10D98828A53EFB00D87011 /* Frameworks */ = {
			isa = PBXFrameworksBuildPhase;
			buildActionMask = 2147483647;
			files = (
			);
			runOnlyForDeploymentPostprocessing = 0;
		};
		BD10D9A128A53EFC00D87011 /* Frameworks */ = {
			isa = PBXFrameworksBuildPhase;
			buildActionMask = 2147483647;
			files = (
			);
			runOnlyForDeploymentPostprocessing = 0;
		};
		BD10D9AB28A53EFC00D87011 /* Frameworks */ = {
			isa = PBXFrameworksBuildPhase;
			buildActionMask = 2147483647;
			files = (
			);
			runOnlyForDeploymentPostprocessing = 0;
		};
/* End PBXFrameworksBuildPhase section */

/* Begin PBXGroup section */
		BD10D98228A53EFB00D87011 = {
			isa = PBXGroup;
			children = (
				BD10D98D28A53EFB00D87011 /* Intro-to-Segues */,
				BD10D9A728A53EFC00D87011 /* Intro-to-SeguesTests */,
				BD10D9B128A53EFD00D87011 /* Intro-to-SeguesUITests */,
				BD10D98C28A53EFB00D87011 /* Products */,
			);
			sourceTree = "<group>";
		};
		BD10D98C28A53EFB00D87011 /* Products */ = {
			isa = PBXGroup;
			children = (
				BD10D98B28A53EFB00D87011 /* Intro-to-Segues.app */,
				BD10D9A428A53EFC00D87011 /* Intro-to-SeguesTests.xctest */,
				BD10D9AE28A53EFC00D87011 /* Intro-to-SeguesUITests.xctest */,
			);
			name = Products;
			sourceTree = "<group>";
		};
		BD10D98D28A53EFB00D87011 /* Intro-to-Segues */ = {
			isa = PBXGroup;
			children = (
				BD10D98E28A53EFB00D87011 /* AppDelegate.swift */,
				BD10D99028A53EFB00D87011 /* SceneDelegate.swift */,
				BD10D99228A53EFB00D87011 /* ViewController.swift */,
				BD10D99428A53EFB00D87011 /* Main.storyboard */,
				BD10D9C128A542E500D87011 /* ViewController2.swift */,
				BD10D99A28A53EFC00D87011 /* Assets.xcassets */,
				BD10D99C28A53EFC00D87011 /* LaunchScreen.storyboard */,
				BD10D99F28A53EFC00D87011 /* Info.plist */,
				BD10D99728A53EFB00D87011 /* Intro_to_Segues.xcdatamodeld */,
			);
			path = "Intro-to-Segues";
			sourceTree = "<group>";
		};
		BD10D9A728A53EFC00D87011 /* Intro-to-SeguesTests */ = {
			isa = PBXGroup;
			children = (
				BD10D9A828A53EFC00D87011 /* Intro_to_SeguesTests.swift */,
			);
			path = "Intro-to-SeguesTests";
			sourceTree = "<group>";
		};
		BD10D9B128A53EFD00D87011 /* Intro-to-SeguesUITests */ = {
			isa = PBXGroup;
			children = (
				BD10D9B228A53EFD00D87011 /* Intro_to_SeguesUITests.swift */,
				BD10D9B428A53EFD00D87011 /* Intro_to_SeguesUITestsLaunchTests.swift */,
			);
			path = "Intro-to-SeguesUITests";
			sourceTree = "<group>";
		};
/* End PBXGroup section */

/* Begin PBXNativeTarget section */
		BD10D98A28A53EFB00D87011 /* Intro-to-Segues */ = {
			isa = PBXNativeTarget;
			buildConfigurationList = BD10D9B828A53EFD00D87011 /* Build configuration list for PBXNativeTarget "Intro-to-Segues" */;
			buildPhases = (
				BD10D98728A53EFB00D87011 /* Sources */,
				BD10D98828A53EFB00D87011 /* Frameworks */,
				BD10D98928A53EFB00D87011 /* Resources */,
			);
			buildRules = (
			);
			dependencies = (
			);
			name = "Intro-to-Segues";
			productName = "Intro-to-Segues";
			productReference = BD10D98B28A53EFB00D87011 /* Intro-to-Segues.app */;
			productType = "com.apple.product-type.application";
		};
		BD10D9A328A53EFC00D87011 /* Intro-to-SeguesTests */ = {
			isa = PBXNativeTarget;
			buildConfigurationList = BD10D9BB28A53EFD00D87011 /* Build configuration list for PBXNativeTarget "Intro-to-SeguesTests" */;
			buildPhases = (
				BD10D9A028A53EFC00D87011 /* Sources */,
				BD10D9A128A53EFC00D87011 /* Frameworks */,
				BD10D9A228A53EFC00D87011 /* Resources */,
			);
			buildRules = (
			);
			dependencies = (
				BD10D9A628A53EFC00D87011 /* PBXTargetDependency */,
			);
			name = "Intro-to-SeguesTests";
			productName = "Intro-to-SeguesTests";
			productReference = BD10D9A428A53EFC00D87011 /* Intro-to-SeguesTests.xctest */;
			productType = "com.apple.product-type.bundle.unit-test";
		};
		BD10D9AD28A53EFC00D87011 /* Intro-to-SeguesUITests */ = {
			isa = PBXNativeTarget;
			buildConfigurationList = BD10D9BE28A53EFD00D87011 /* Build configuration list for PBXNativeTarget "Intro-to-SeguesUITests" */;
			buildPhases = (
				BD10D9AA28A53EFC00D87011 /* Sources */,
				BD10D9AB28A53EFC00D87011 /* Frameworks */,
				BD10D9AC28A53EFC00D87011 /* Resources */,
			);
			buildRules = (
			);
			dependencies = (
				BD10D9B028A53EFD00D87011 /* PBXTargetDependency */,
			);
			name = "Intro-to-SeguesUITests";
			productName = "Intro-to-SeguesUITests";
			productReference = BD10D9AE28A53EFC00D87011 /* Intro-to-SeguesUITests.xctest */;
			productType = "com.apple.product-type.bundle.ui-testing";
		};
/* End PBXNativeTarget section */

/* Begin PBXProject section */
		BD10D98328A53EFB00D87011 /* Project object */ = {
			isa = PBXProject;
			attributes = {
				BuildIndependentTargetsInParallel = 1;
				LastSwiftUpdateCheck = 1340;
				LastUpgradeCheck = 1340;
				TargetAttributes = {
					BD10D98A28A53EFB00D87011 = {
						CreatedOnToolsVersion = 13.4.1;
					};
					BD10D9A328A53EFC00D87011 = {
						CreatedOnToolsVersion = 13.4.1;
						TestTargetID = BD10D98A28A53EFB00D87011;
					};
					BD10D9AD28A53EFC00D87011 = {
						CreatedOnToolsVersion = 13.4.1;
						TestTargetID = BD10D98A28A53EFB00D87011;
					};
				};
			};
			buildConfigurationList = BD10D98628A53EFB00D87011 /* Build configuration list for PBXProject "Intro-to-Segues" */;
			compatibilityVersion = "Xcode 13.0";
			developmentRegion = en;
			hasScannedForEncodings = 0;
			knownRegions = (
				en,
				Base,
			);
			mainGroup = BD10D98228A53EFB00D87011;
			productRefGroup = BD10D98C28A53EFB00D87011 /* Products */;
			projectDirPath = "";
			projectRoot = "";
			targets = (
				BD10D98A28A53EFB00D87011 /* Intro-to-Segues */,
				BD10D9A328A53EFC00D87011 /* Intro-to-SeguesTests */,
				BD10D9AD28A53EFC00D87011 /* Intro-to-SeguesUITests */,
			);
		};
/* End PBXProject section */

/* Begin PBXResourcesBuildPhase section */
		BD10D98928A53EFB00D87011 /* Resources */ = {
			isa = PBXResourcesBuildPhase;
			buildActionMask = 2147483647;
			files = (
				BD10D99E28A53EFC00D87011 /* LaunchScreen.storyboard in Resources */,
				BD10D99B28A53EFC00D87011 /* Assets.xcassets in Resources */,
				BD10D99628A53EFB00D87011 /* Main.storyboard in Resources */,
			);
			runOnlyForDeploymentPostprocessing = 0;
		};
		BD10D9A228A53EFC00D87011 /* Resources */ = {
			isa = PBXResourcesBuildPhase;
			buildActionMask = 2147483647;
			files = (
			);
			runOnlyForDeploymentPostprocessing = 0;
		};
		BD10D9AC28A53EFC00D87011 /* Resources */ = {
			isa = PBXResourcesBuildPhase;
			buildActionMask = 2147483647;
			files = (
			);
			runOnlyForDeploymentPostprocessing = 0;
		};
/* End PBXResourcesBuildPhase section */

/* Begin PBXSourcesBuildPhase section */
		BD10D98728A53EFB00D87011 /* Sources */ = {
			isa = PBXSourcesBuildPhase;
			buildActionMask = 2147483647;
			files = (
				BD10D9C228A542E500D87011 /* ViewController2.swift in Sources */,
				BD10D99328A53EFB00D87011 /* ViewController.swift in Sources */,
				BD10D99928A53EFB00D87011 /* Intro_to_Segues.xcdatamodeld in Sources */,
				BD10D98F28A53EFB00D87011 /* AppDelegate.swift in Sources */,
				BD10D99128A53EFB00D87011 /* SceneDelegate.swift in Sources */,
			);
			runOnlyForDeploymentPostprocessing = 0;
		};
		BD10D9A028A53EFC00D87011 /* Sources */ = {
			isa = PBXSourcesBuildPhase;
			buildActionMask = 2147483647;
			files = (
				BD10D9A928A53EFC00D87011 /* Intro_to_SeguesTests.swift in Sources */,
			);
			runOnlyForDeploymentPostprocessing = 0;
		};
		BD10D9AA28A53EFC00D87011 /* Sources */ = {
			isa = PBXSourcesBuildPhase;
			buildActionMask = 2147483647;
			files = (
				BD10D9B528A53EFD00D87011 /* Intro_to_SeguesUITestsLaunchTests.swift in Sources */,
				BD10D9B328A53EFD00D87011 /* Intro_to_SeguesUITests.swift in Sources */,
			);
			runOnlyForDeploymentPostprocessing = 0;
		};
/* End PBXSourcesBuildPhase section */

/* Begin PBXTargetDependency section */
		BD10D9A628A53EFC00D87011 /* PBXTargetDependency */ = {
			isa = PBXTargetDependency;
			target = BD10D98A28A53EFB00D87011 /* Intro-to-Segues */;
			targetProxy = BD10D9A528A53EFC00D87011 /* PBXContainerItemProxy */;
		};
		BD10D9B028A53EFD00D87011 /* PBXTargetDependency */ = {
			isa = PBXTargetDependency;
			target = BD10D98A28A53EFB00D87011 /* Intro-to-Segues */;
			targetProxy = BD10D9AF28A53EFD00D87011 /* PBXContainerItemProxy */;
		};
/* End PBXTargetDependency section */

/* Begin PBXVariantGroup section */
		BD10D99428A53EFB00D87011 /* Main.storyboard */ = {
			isa = PBXVariantGroup;
			children = (
				BD10D99528A53EFB00D87011 /* Base */,
			);
			name = Main.storyboard;
			sourceTree = "<group>";
		};
		BD10D99C28A53EFC00D87011 /* LaunchScreen.storyboard */ = {
			isa = PBXVariantGroup;
			children = (
				BD10D99D28A53EFC00D87011 /* Base */,
			);
			name = LaunchScreen.storyboard;
			sourceTree = "<group>";
		};
/* End PBXVariantGroup section */

/* Begin XCBuildConfiguration section */
		BD10D9B628A53EFD00D87011 /* Debug */ = {
			isa = XCBuildConfiguration;
			buildSettings = {
				ALWAYS_SEARCH_USER_PATHS = NO;
				CLANG_ANALYZER_NONNULL = YES;
				CLANG_ANALYZER_NUMBER_OBJECT_CONVERSION = YES_AGGRESSIVE;
				CLANG_CXX_LANGUAGE_STANDARD = "gnu++17";
				CLANG_ENABLE_MODULES = YES;
				CLANG_ENABLE_OBJC_ARC = YES;
				CLANG_ENABLE_OBJC_WEAK = YES;
				CLANG_WARN_BLOCK_CAPTURE_AUTORELEASING = YES;
				CLANG_WARN_BOOL_CONVERSION = YES;
				CLANG_WARN_COMMA = YES;
				CLANG_WARN_CONSTANT_CONVERSION = YES;
				CLANG_WARN_DEPRECATED_OBJC_IMPLEMENTATIONS = YES;
				CLANG_WARN_DIRECT_OBJC_ISA_USAGE = YES_ERROR;
				CLANG_WARN_DOCUMENTATION_COMMENTS = YES;
				CLANG_WARN_EMPTY_BODY = YES;
				CLANG_WARN_ENUM_CONVERSION = YES;
				CLANG_WARN_INFINITE_RECURSION = YES;
				CLANG_WARN_INT_CONVERSION = YES;
				CLANG_WARN_NON_LITERAL_NULL_CONVERSION = YES;
				CLANG_WARN_OBJC_IMPLICIT_RETAIN_SELF = YES;
				CLANG_WARN_OBJC_LITERAL_CONVERSION = YES;
				CLANG_WARN_OBJC_ROOT_CLASS = YES_ERROR;
				CLANG_WARN_QUOTED_INCLUDE_IN_FRAMEWORK_HEADER = YES;
				CLANG_WARN_RANGE_LOOP_ANALYSIS = YES;
				CLANG_WARN_STRICT_PROTOTYPES = YES;
				CLANG_WARN_SUSPICIOUS_MOVE = YES;
				CLANG_WARN_UNGUARDED_AVAILABILITY = YES_AGGRESSIVE;
				CLANG_WARN_UNREACHABLE_CODE = YES;
				CLANG_WARN__DUPLICATE_METHOD_MATCH = YES;
				COPY_PHASE_STRIP = NO;
				DEBUG_INFORMATION_FORMAT = dwarf;
				ENABLE_STRICT_OBJC_MSGSEND = YES;
				ENABLE_TESTABILITY = YES;
				GCC_C_LANGUAGE_STANDARD = gnu11;
				GCC_DYNAMIC_NO_PIC = NO;
				GCC_NO_COMMON_BLOCKS = YES;
				GCC_OPTIMIZATION_LEVEL = 0;
				GCC_PREPROCESSOR_DEFINITIONS = (
					"DEBUG=1",
					"$(inherited)",
				);
				GCC_WARN_64_TO_32_BIT_CONVERSION = YES;
				GCC_WARN_ABOUT_RETURN_TYPE = YES_ERROR;
				GCC_WARN_UNDECLARED_SELECTOR = YES;
				GCC_WARN_UNINITIALIZED_AUTOS = YES_AGGRESSIVE;
				GCC_WARN_UNUSED_FUNCTION = YES;
				GCC_WARN_UNUSED_VARIABLE = YES;
				IPHONEOS_DEPLOYMENT_TARGET = 15.5;
				MTL_ENABLE_DEBUG_INFO = INCLUDE_SOURCE;
				MTL_FAST_MATH = YES;
				ONLY_ACTIVE_ARCH = YES;
				SDKROOT = iphoneos;
				SWIFT_ACTIVE_COMPILATION_CONDITIONS = DEBUG;
				SWIFT_OPTIMIZATION_LEVEL = "-Onone";
			};
			name = Debug;
		};
		BD10D9B728A53EFD00D87011 /* Release */ = {
			isa = XCBuildConfiguration;
			buildSettings = {
				ALWAYS_SEARCH_USER_PATHS = NO;
				CLANG_ANALYZER_NONNULL = YES;
				CLANG_ANALYZER_NUMBER_OBJECT_CONVERSION = YES_AGGRESSIVE;
				CLANG_CXX_LANGUAGE_STANDARD = "gnu++17";
				CLANG_ENABLE_MODULES = YES;
				CLANG_ENABLE_OBJC_ARC = YES;
				CLANG_ENABLE_OBJC_WEAK = YES;
				CLANG_WARN_BLOCK_CAPTURE_AUTORELEASING = YES;
				CLANG_WARN_BOOL_CONVERSION = YES;
				CLANG_WARN_COMMA = YES;
				CLANG_WARN_CONSTANT_CONVERSION = YES;
				CLANG_WARN_DEPRECATED_OBJC_IMPLEMENTATIONS = YES;
				CLANG_WARN_DIRECT_OBJC_ISA_USAGE = YES_ERROR;
				CLANG_WARN_DOCUMENTATION_COMMENTS = YES;
				CLANG_WARN_EMPTY_BODY = YES;
				CLANG_WARN_ENUM_CONVERSION = YES;
				CLANG_WARN_INFINITE_RECURSION = YES;
				CLANG_WARN_INT_CONVERSION = YES;
				CLANG_WARN_NON_LITERAL_NULL_CONVERSION = YES;
				CLANG_WARN_OBJC_IMPLICIT_RETAIN_SELF = YES;
				CLANG_WARN_OBJC_LITERAL_CONVERSION = YES;
				CLANG_WARN_OBJC_ROOT_CLASS = YES_ERROR;
				CLANG_WARN_QUOTED_INCLUDE_IN_FRAMEWORK_HEADER = YES;
				CLANG_WARN_RANGE_LOOP_ANALYSIS = YES;
				CLANG_WARN_STRICT_PROTOTYPES = YES;
				CLANG_WARN_SUSPICIOUS_MOVE = YES;
				CLANG_WARN_UNGUARDED_AVAILABILITY = YES_AGGRESSIVE;
				CLANG_WARN_UNREACHABLE_CODE = YES;
				CLANG_WARN__DUPLICATE_METHOD_MATCH = YES;
				COPY_PHASE_STRIP = NO;
				DEBUG_INFORMATION_FORMAT = "dwarf-with-dsym";
				ENABLE_NS_ASSERTIONS = NO;
				ENABLE_STRICT_OBJC_MSGSEND = YES;
				GCC_C_LANGUAGE_STANDARD = gnu11;
				GCC_NO_COMMON_BLOCKS = YES;
				GCC_WARN_64_TO_32_BIT_CONVERSION = YES;
				GCC_WARN_ABOUT_RETURN_TYPE = YES_ERROR;
				GCC_WARN_UNDECLARED_SELECTOR = YES;
				GCC_WARN_UNINITIALIZED_AUTOS = YES_AGGRESSIVE;
				GCC_WARN_UNUSED_FUNCTION = YES;
				GCC_WARN_UNUSED_VARIABLE = YES;
				IPHONEOS_DEPLOYMENT_TARGET = 15.5;
				MTL_ENABLE_DEBUG_INFO = NO;
				MTL_FAST_MATH = YES;
				SDKROOT = iphoneos;
				SWIFT_COMPILATION_MODE = wholemodule;
				SWIFT_OPTIMIZATION_LEVEL = "-O";
				VALIDATE_PRODUCT = YES;
			};
			name = Release;
		};
		BD10D9B928A53EFD00D87011 /* Debug */ = {
			isa = XCBuildConfiguration;
			buildSettings = {
				ASSETCATALOG_COMPILER_APPICON_NAME = AppIcon;
				ASSETCATALOG_COMPILER_GLOBAL_ACCENT_COLOR_NAME = AccentColor;
				CODE_SIGN_STYLE = Automatic;
				CURRENT_PROJECT_VERSION = 1;
				GENERATE_INFOPLIST_FILE = YES;
				INFOPLIST_FILE = "Intro-to-Segues/Info.plist";
				INFOPLIST_KEY_UIApplicationSupportsIndirectInputEvents = YES;
				INFOPLIST_KEY_UILaunchStoryboardName = LaunchScreen;
				INFOPLIST_KEY_UIMainStoryboardFile = Main;
				INFOPLIST_KEY_UISupportedInterfaceOrientations_iPad = "UIInterfaceOrientationPortrait UIInterfaceOrientationPortraitUpsideDown UIInterfaceOrientationLandscapeLeft UIInterfaceOrientationLandscapeRight";
				INFOPLIST_KEY_UISupportedInterfaceOrientations_iPhone = "UIInterfaceOrientationPortrait UIInterfaceOrientationLandscapeLeft UIInterfaceOrientationLandscapeRight";
				LD_RUNPATH_SEARCH_PATHS = (
					"$(inherited)",
					"@executable_path/Frameworks",
				);
				MARKETING_VERSION = 1.0;
				PRODUCT_BUNDLE_IDENTIFIER = "kwk.Intro-to-Segues";
				PRODUCT_NAME = "$(TARGET_NAME)";
				SWIFT_EMIT_LOC_STRINGS = YES;
				SWIFT_VERSION = 5.0;
				TARGETED_DEVICE_FAMILY = "1,2";
			};
			name = Debug;
		};
		BD10D9BA28A53EFD00D87011 /* Release */ = {
			isa = XCBuildConfiguration;
			buildSettings = {
				ASSETCATALOG_COMPILER_APPICON_NAME = AppIcon;
				ASSETCATALOG_COMPILER_GLOBAL_ACCENT_COLOR_NAME = AccentColor;
				CODE_SIGN_STYLE = Automatic;
				CURRENT_PROJECT_VERSION = 1;
				GENERATE_INFOPLIST_FILE = YES;
				INFOPLIST_FILE = "Intro-to-Segues/Info.plist";
				INFOPLIST_KEY_UIApplicationSupportsIndirectInputEvents = YES;
				INFOPLIST_KEY_UILaunchStoryboardName = LaunchScreen;
				INFOPLIST_KEY_UIMainStoryboardFile = Main;
				INFOPLIST_KEY_UISupportedInterfaceOrientations_iPad = "UIInterfaceOrientationPortrait UIInterfaceOrientationPortraitUpsideDown UIInterfaceOrientationLandscapeLeft UIInterfaceOrientationLandscapeRight";
				INFOPLIST_KEY_UISupportedInterfaceOrientations_iPhone = "UIInterfaceOrientationPortrait UIInterfaceOrientationLandscapeLeft UIInterfaceOrientationLandscapeRight";
				LD_RUNPATH_SEARCH_PATHS = (
					"$(inherited)",
					"@executable_path/Frameworks",
				);
				MARKETING_VERSION = 1.0;
				PRODUCT_BUNDLE_IDENTIFIER = "kwk.Intro-to-Segues";
				PRODUCT_NAME = "$(TARGET_NAME)";
				SWIFT_EMIT_LOC_STRINGS = YES;
				SWIFT_VERSION = 5.0;
				TARGETED_DEVICE_FAMILY = "1,2";
			};
			name = Release;
		};
		BD10D9BC28A53EFD00D87011 /* Debug */ = {
			isa = XCBuildConfiguration;
			buildSettings = {
				ALWAYS_EMBED_SWIFT_STANDARD_LIBRARIES = YES;
				BUNDLE_LOADER = "$(TEST_HOST)";
				CODE_SIGN_STYLE = Automatic;
				CURRENT_PROJECT_VERSION = 1;
				GENERATE_INFOPLIST_FILE = YES;
				IPHONEOS_DEPLOYMENT_TARGET = 15.5;
				MARKETING_VERSION = 1.0;
				PRODUCT_BUNDLE_IDENTIFIER = "kwk.Intro-to-SeguesTests";
				PRODUCT_NAME = "$(TARGET_NAME)";
				SWIFT_EMIT_LOC_STRINGS = NO;
				SWIFT_VERSION = 5.0;
				TARGETED_DEVICE_FAMILY = "1,2";
				TEST_HOST = "$(BUILT_PRODUCTS_DIR)/Intro-to-Segues.app/Intro-to-Segues";
			};
			name = Debug;
		};
		BD10D9BD28A53EFD00D87011 /* Release */ = {
			isa = XCBuildConfiguration;
			buildSettings = {
				ALWAYS_EMBED_SWIFT_STANDARD_LIBRARIES = YES;
				BUNDLE_LOADER = "$(TEST_HOST)";
				CODE_SIGN_STYLE = Automatic;
				CURRENT_PROJECT_VERSION = 1;
				GENERATE_INFOPLIST_FILE = YES;
				IPHONEOS_DEPLOYMENT_TARGET = 15.5;
				MARKETING_VERSION = 1.0;
				PRODUCT_BUNDLE_IDENTIFIER = "kwk.Intro-to-SeguesTests";
				PRODUCT_NAME = "$(TARGET_NAME)";
				SWIFT_EMIT_LOC_STRINGS = NO;
				SWIFT_VERSION = 5.0;
				TARGETED_DEVICE_FAMILY = "1,2";
				TEST_HOST = "$(BUILT_PRODUCTS_DIR)/Intro-to-Segues.app/Intro-to-Segues";
			};
			name = Release;
		};
		BD10D9BF28A53EFD00D87011 /* Debug */ = {
			isa = XCBuildConfiguration;
			buildSettings = {
				ALWAYS_EMBED_SWIFT_STANDARD_LIBRARIES = YES;
				CODE_SIGN_STYLE = Automatic;
				CURRENT_PROJECT_VERSION = 1;
				GENERATE_INFOPLIST_FILE = YES;
				MARKETING_VERSION = 1.0;
				PRODUCT_BUNDLE_IDENTIFIER = "kwk.Intro-to-SeguesUITests";
				PRODUCT_NAME = "$(TARGET_NAME)";
				SWIFT_EMIT_LOC_STRINGS = NO;
				SWIFT_VERSION = 5.0;
				TARGETED_DEVICE_FAMILY = "1,2";
				TEST_TARGET_NAME = "Intro-to-Segues";
			};
			name = Debug;
		};
		BD10D9C028A53EFD00D87011 /* Release */ = {
			isa = XCBuildConfiguration;
			buildSettings = {
				ALWAYS_EMBED_SWIFT_STANDARD_LIBRARIES = YES;
				CODE_SIGN_STYLE = Automatic;
				CURRENT_PROJECT_VERSION = 1;
				GENERATE_INFOPLIST_FILE = YES;
				MARKETING_VERSION = 1.0;
				PRODUCT_BUNDLE_IDENTIFIER = "kwk.Intro-to-SeguesUITests";
				PRODUCT_NAME = "$(TARGET_NAME)";
				SWIFT_EMIT_LOC_STRINGS = NO;
				SWIFT_VERSION = 5.0;
				TARGETED_DEVICE_FAMILY = "1,2";
				TEST_TARGET_NAME = "Intro-to-Segues";
			};
			name = Release;
		};
/* End XCBuildConfiguration section */

/* Begin XCConfigurationList section */
		BD10D98628A53EFB00D87011 /* Build configuration list for PBXProject "Intro-to-Segues" */ = {
			isa = XCConfigurationList;
			buildConfigurations = (
				BD10D9B628A53EFD00D87011 /* Debug */,
				BD10D9B728A53EFD00D87011 /* Release */,
			);
			defaultConfigurationIsVisible = 0;
			defaultConfigurationName = Release;
		};
		BD10D9B828A53EFD00D87011 /* Build configuration list for PBXNativeTarget "Intro-to-Segues" */ = {
			isa = XCConfigurationList;
			buildConfigurations = (
				BD10D9B928A53EFD00D87011 /* Debug */,
				BD10D9BA28A53EFD00D87011 /* Release */,
			);
			defaultConfigurationIsVisible = 0;
			defaultConfigurationName = Release;
		};
		BD10D9BB28A53EFD00D87011 /* Build configuration list for PBXNativeTarget "Intro-to-SeguesTests" */ = {
			isa = XCConfigurationList;
			buildConfigurations = (
				BD10D9BC28A53EFD00D87011 /* Debug */,
				BD10D9BD28A53EFD00D87011 /* Release */,
			);
			defaultConfigurationIsVisible = 0;
			defaultConfigurationName = Release;
		};
		BD10D9BE28A53EFD00D87011 /* Build configuration list for PBXNativeTarget "Intro-to-SeguesUITests" */ = {
			isa = XCConfigurationList;
			buildConfigurations = (
				BD10D9BF28A53EFD00D87011 /* Debug */,
				BD10D9C028A53EFD00D87011 /* Release */,
			);
			defaultConfigurationIsVisible = 0;
			defaultConfigurationName = Release;
		};
/* End XCConfigurationList section */

/* Begin XCVersionGroup section */
		BD10D99728A53EFB00D87011 /* Intro_to_Segues.xcdatamodeld */ = {
			isa = XCVersionGroup;
			children = (
				BD10D99828A53EFB00D87011 /* Intro_to_Segues.xcdatamodel */,
			);
			currentVersion = BD10D99828A53EFB00D87011 /* Intro_to_Segues.xcdatamodel */;
			path = Intro_to_Segues.xcdatamodeld;
			sourceTree = "<group>";
			versionGroupType = wrapper.xcdatamodel;
		};
/* End XCVersionGroup section */
	};
	rootObject = BD10D98328A53EFB00D87011 /* Project object */;
}
