// !$*UTF8*$!
{
	archiveVersion = 1;
	classes = {
	};
	objectVersion = 55;
	objects = {

/* Begin PBXBuildFile section */
		BD10D8D228A3F80B00D87011 /* AppDelegate.swift in Sources */ = {isa = PBXBuildFile; fileRef = BD10D8D128A3F80B00D87011 /* AppDelegate.swift */; };
		BD10D8D428A3F80B00D87011 /* SceneDelegate.swift in Sources */ = {isa = PBXBuildFile; fileRef = BD10D8D328A3F80B00D87011 /* SceneDelegate.swift */; };
		BD10D8D628A3F80B00D87011 /* ViewController.swift in Sources */ = {isa = PBXBuildFile; fileRef = BD10D8D528A3F80B00D87011 /* ViewController.swift */; };
		BD10D8D928A3F80B00D87011 /* Main.storyboard in Resources */ = {isa = PBXBuildFile; fileRef = BD10D8D728A3F80B00D87011 /* Main.storyboard */; };
		BD10D8DC28A3F80B00D87011 /* demo.xcdatamodeld in Sources */ = {isa = PBXBuildFile; fileRef = BD10D8DA28A3F80B00D87011 /* demo.xcdatamodeld */; };
		BD10D8DE28A3F80D00D87011 /* Assets.xcassets in Resources */ = {isa = PBXBuildFile; fileRef = BD10D8DD28A3F80D00D87011 /* Assets.xcassets */; };
		BD10D8E128A3F80D00D87011 /* LaunchScreen.storyboard in Resources */ = {isa = PBXBuildFile; fileRef = BD10D8DF28A3F80D00D87011 /* LaunchScreen.storyboard */; };
		BD10D8EC28A3F80D00D87011 /* demoTests.swift in Sources */ = {isa = PBXBuildFile; fileRef = BD10D8EB28A3F80D00D87011 /* demoTests.swift */; };
		BD10D8F628A3F80D00D87011 /* demoUITests.swift in Sources */ = {isa = PBXBuildFile; fileRef = BD10D8F528A3F80D00D87011 /* demoUITests.swift */; };
		BD10D8F828A3F80D00D87011 /* demoUITestsLaunchTests.swift in Sources */ = {isa = PBXBuildFile; fileRef = BD10D8F728A3F80D00D87011 /* demoUITestsLaunchTests.swift */; };
/* End PBXBuildFile section */

/* Begin PBXContainerItemProxy section */
		BD10D8E828A3F80D00D87011 /* PBXContainerItemProxy */ = {
			isa = PBXContainerItemProxy;
			containerPortal = BD10D8C628A3F80B00D87011 /* Project object */;
			proxyType = 1;
			remoteGlobalIDString = BD10D8CD28A3F80B00D87011;
			remoteInfo = demo;
		};
		BD10D8F228A3F80D00D87011 /* PBXContainerItemProxy */ = {
			isa = PBXContainerItemProxy;
			containerPortal = BD10D8C628A3F80B00D87011 /* Project object */;
			proxyType = 1;
			remoteGlobalIDString = BD10D8CD28A3F80B00D87011;
			remoteInfo = demo;
		};
/* End PBXContainerItemProxy section */

/* Begin PBXFileReference section */
		BD10D8CE28A3F80B00D87011 /* demo.app */ = {isa = PBXFileReference; explicitFileType = wrapper.application; includeInIndex = 0; path = demo.app; sourceTree = BUILT_PRODUCTS_DIR; };
		BD10D8D128A3F80B00D87011 /* AppDelegate.swift */ = {isa = PBXFileReference; lastKnownFileType = sourcecode.swift; path = AppDelegate.swift; sourceTree = "<group>"; };
		BD10D8D328A3F80B00D87011 /* SceneDelegate.swift */ = {isa = PBXFileReference; lastKnownFileType = sourcecode.swift; path = SceneDelegate.swift; sourceTree = "<group>"; };
		BD10D8D528A3F80B00D87011 /* ViewController.swift */ = {isa = PBXFileReference; lastKnownFileType = sourcecode.swift; path = ViewController.swift; sourceTree = "<group>"; };
		BD10D8D828A3F80B00D87011 /* Base */ = {isa = PBXFileReference; lastKnownFileType = file.storyboard; name = Base; path = Base.lproj/Main.storyboard; sourceTree = "<group>"; };
		BD10D8DB28A3F80B00D87011 /* demo.xcdatamodel */ = {isa = PBXFileReference; lastKnownFileType = wrapper.xcdatamodel; path = demo.xcdatamodel; sourceTree = "<group>"; };
		BD10D8DD28A3F80D00D87011 /* Assets.xcassets */ = {isa = PBXFileReference; lastKnownFileType = folder.assetcatalog; path = Assets.xcassets; sourceTree = "<group>"; };
		BD10D8E028A3F80D00D87011 /* Base */ = {isa = PBXFileReference; lastKnownFileType = file.storyboard; name = Base; path = Base.lproj/LaunchScreen.storyboard; sourceTree = "<group>"; };
		BD10D8E228A3F80D00D87011 /* Info.plist */ = {isa = PBXFileReference; lastKnownFileType = text.plist.xml; path = Info.plist; sourceTree = "<group>"; };
		BD10D8E728A3F80D00D87011 /* demoTests.xctest */ = {isa = PBXFileReference; explicitFileType = wrapper.cfbundle; includeInIndex = 0; path = demoTests.xctest; sourceTree = BUILT_PRODUCTS_DIR; };
		BD10D8EB28A3F80D00D87011 /* demoTests.swift */ = {isa = PBXFileReference; lastKnownFileType = sourcecode.swift; path = demoTests.swift; sourceTree = "<group>"; };
		BD10D8F128A3F80D00D87011 /* demoUITests.xctest */ = {isa = PBXFileReference; explicitFileType = wrapper.cfbundle; includeInIndex = 0; path = demoUITests.xctest; sourceTree = BUILT_PRODUCTS_DIR; };
		BD10D8F528A3F80D00D87011 /* demoUITests.swift */ = {isa = PBXFileReference; lastKnownFileType = sourcecode.swift; path = demoUITests.swift; sourceTree = "<group>"; };
		BD10D8F728A3F80D00D87011 /* demoUITestsLaunchTests.swift */ = {isa = PBXFileReference; lastKnownFileType = sourcecode.swift; path = demoUITestsLaunchTests.swift; sourceTree = "<group>"; };
/* End PBXFileReference section */

/* Begin PBXFrameworksBuildPhase section */
		BD10D8CB28A3F80B00D87011 /* Frameworks */ = {
			isa = PBXFrameworksBuildPhase;
			buildActionMask = 2147483647;
			files = (
			);
			runOnlyForDeploymentPostprocessing = 0;
		};
		BD10D8E428A3F80D00D87011 /* Frameworks */ = {
			isa = PBXFrameworksBuildPhase;
			buildActionMask = 2147483647;
			files = (
			);
			runOnlyForDeploymentPostprocessing = 0;
		};
		BD10D8EE28A3F80D00D87011 /* Frameworks */ = {
			isa = PBXFrameworksBuildPhase;
			buildActionMask = 2147483647;
			files = (
			);
			runOnlyForDeploymentPostprocessing = 0;
		};
/* End PBXFrameworksBuildPhase section */

/* Begin PBXGroup section */
		BD10D8C528A3F80B00D87011 = {
			isa = PBXGroup;
			children = (
				BD10D8D028A3F80B00D87011 /* demo */,
				BD10D8EA28A3F80D00D87011 /* demoTests */,
				BD10D8F428A3F80D00D87011 /* demoUITests */,
				BD10D8CF28A3F80B00D87011 /* Products */,
			);
			sourceTree = "<group>";
		};
		BD10D8CF28A3F80B00D87011 /* Products */ = {
			isa = PBXGroup;
			children = (
				BD10D8CE28A3F80B00D87011 /* demo.app */,
				BD10D8E728A3F80D00D87011 /* demoTests.xctest */,
				BD10D8F128A3F80D00D87011 /* demoUITests.xctest */,
			);
			name = Products;
			sourceTree = "<group>";
		};
		BD10D8D028A3F80B00D87011 /* demo */ = {
			isa = PBXGroup;
			children = (
				BD10D8D128A3F80B00D87011 /* AppDelegate.swift */,
				BD10D8D328A3F80B00D87011 /* SceneDelegate.swift */,
				BD10D8D528A3F80B00D87011 /* ViewController.swift */,
				BD10D8D728A3F80B00D87011 /* Main.storyboard */,
				BD10D8DD28A3F80D00D87011 /* Assets.xcassets */,
				BD10D8DF28A3F80D00D87011 /* LaunchScreen.storyboard */,
				BD10D8E228A3F80D00D87011 /* Info.plist */,
				BD10D8DA28A3F80B00D87011 /* demo.xcdatamodeld */,
			);
			path = demo;
			sourceTree = "<group>";
		};
		BD10D8EA28A3F80D00D87011 /* demoTests */ = {
			isa = PBXGroup;
			children = (
				BD10D8EB28A3F80D00D87011 /* demoTests.swift */,
			);
			path = demoTests;
			sourceTree = "<group>";
		};
		BD10D8F428A3F80D00D87011 /* demoUITests */ = {
			isa = PBXGroup;
			children = (
				BD10D8F528A3F80D00D87011 /* demoUITests.swift */,
				BD10D8F728A3F80D00D87011 /* demoUITestsLaunchTests.swift */,
			);
			path = demoUITests;
			sourceTree = "<group>";
		};
/* End PBXGroup section */

/* Begin PBXNativeTarget section */
		BD10D8CD28A3F80B00D87011 /* demo */ = {
			isa = PBXNativeTarget;
			buildConfigurationList = BD10D8FB28A3F80D00D87011 /* Build configuration list for PBXNativeTarget "demo" */;
			buildPhases = (
				BD10D8CA28A3F80B00D87011 /* Sources */,
				BD10D8CB28A3F80B00D87011 /* Frameworks */,
				BD10D8CC28A3F80B00D87011 /* Resources */,
			);
			buildRules = (
			);
			dependencies = (
			);
			name = demo;
			productName = demo;
			productReference = BD10D8CE28A3F80B00D87011 /* demo.app */;
			productType = "com.apple.product-type.application";
		};
		BD10D8E628A3F80D00D87011 /* demoTests */ = {
			isa = PBXNativeTarget;
			buildConfigurationList = BD10D8FE28A3F80D00D87011 /* Build configuration list for PBXNativeTarget "demoTests" */;
			buildPhases = (
				BD10D8E328A3F80D00D87011 /* Sources */,
				BD10D8E428A3F80D00D87011 /* Frameworks */,
				BD10D8E528A3F80D00D87011 /* Resources */,
			);
			buildRules = (
			);
			dependencies = (
				BD10D8E928A3F80D00D87011 /* PBXTargetDependency */,
			);
			name = demoTests;
			productName = demoTests;
			productReference = BD10D8E728A3F80D00D87011 /* demoTests.xctest */;
			productType = "com.apple.product-type.bundle.unit-test";
		};
		BD10D8F028A3F80D00D87011 /* demoUITests */ = {
			isa = PBXNativeTarget;
			buildConfigurationList = BD10D90128A3F80D00D87011 /* Build configuration list for PBXNativeTarget "demoUITests" */;
			buildPhases = (
				BD10D8ED28A3F80D00D87011 /* Sources */,
				BD10D8EE28A3F80D00D87011 /* Frameworks */,
				BD10D8EF28A3F80D00D87011 /* Resources */,
			);
			buildRules = (
			);
			dependencies = (
				BD10D8F328A3F80D00D87011 /* PBXTargetDependency */,
			);
			name = demoUITests;
			productName = demoUITests;
			productReference = BD10D8F128A3F80D00D87011 /* demoUITests.xctest */;
			productType = "com.apple.product-type.bundle.ui-testing";
		};
/* End PBXNativeTarget section */

/* Begin PBXProject section */
		BD10D8C628A3F80B00D87011 /* Project object */ = {
			isa = PBXProject;
			attributes = {
				BuildIndependentTargetsInParallel = 1;
				LastSwiftUpdateCheck = 1340;
				LastUpgradeCheck = 1340;
				TargetAttributes = {
					BD10D8CD28A3F80B00D87011 = {
						CreatedOnToolsVersion = 13.4.1;
					};
					BD10D8E628A3F80D00D87011 = {
						CreatedOnToolsVersion = 13.4.1;
						TestTargetID = BD10D8CD28A3F80B00D87011;
					};
					BD10D8F028A3F80D00D87011 = {
						CreatedOnToolsVersion = 13.4.1;
						TestTargetID = BD10D8CD28A3F80B00D87011;
					};
				};
			};
			buildConfigurationList = BD10D8C928A3F80B00D87011 /* Build configuration list for PBXProject "demo" */;
			compatibilityVersion = "Xcode 13.0";
			developmentRegion = en;
			hasScannedForEncodings = 0;
			knownRegions = (
				en,
				Base,
			);
			mainGroup = BD10D8C528A3F80B00D87011;
			productRefGroup = BD10D8CF28A3F80B00D87011 /* Products */;
			projectDirPath = "";
			projectRoot = "";
			targets = (
				BD10D8CD28A3F80B00D87011 /* demo */,
				BD10D8E628A3F80D00D87011 /* demoTests */,
				BD10D8F028A3F80D00D87011 /* demoUITests */,
			);
		};
/* End PBXProject section */

/* Begin PBXResourcesBuildPhase section */
		BD10D8CC28A3F80B00D87011 /* Resources */ = {
			isa = PBXResourcesBuildPhase;
			buildActionMask = 2147483647;
			files = (
				BD10D8E128A3F80D00D87011 /* LaunchScreen.storyboard in Resources */,
				BD10D8DE28A3F80D00D87011 /* Assets.xcassets in Resources */,
				BD10D8D928A3F80B00D87011 /* Main.storyboard in Resources */,
			);
			runOnlyForDeploymentPostprocessing = 0;
		};
		BD10D8E528A3F80D00D87011 /* Resources */ = {
			isa = PBXResourcesBuildPhase;
			buildActionMask = 2147483647;
			files = (
			);
			runOnlyForDeploymentPostprocessing = 0;
		};
		BD10D8EF28A3F80D00D87011 /* Resources */ = {
			isa = PBXResourcesBuildPhase;
			buildActionMask = 2147483647;
			files = (
			);
			runOnlyForDeploymentPostprocessing = 0;
		};
/* End PBXResourcesBuildPhase section */

/* Begin PBXSourcesBuildPhase section */
		BD10D8CA28A3F80B00D87011 /* Sources */ = {
			isa = PBXSourcesBuildPhase;
			buildActionMask = 2147483647;
			files = (
				BD10D8D628A3F80B00D87011 /* ViewController.swift in Sources */,
				BD10D8D228A3F80B00D87011 /* AppDelegate.swift in Sources */,
				BD10D8DC28A3F80B00D87011 /* demo.xcdatamodeld in Sources */,
				BD10D8D428A3F80B00D87011 /* SceneDelegate.swift in Sources */,
			);
			runOnlyForDeploymentPostprocessing = 0;
		};
		BD10D8E328A3F80D00D87011 /* Sources */ = {
			isa = PBXSourcesBuildPhase;
			buildActionMask = 2147483647;
			files = (
				BD10D8EC28A3F80D00D87011 /* demoTests.swift in Sources */,
			);
			runOnlyForDeploymentPostprocessing = 0;
		};
		BD10D8ED28A3F80D00D87011 /* Sources */ = {
			isa = PBXSourcesBuildPhase;
			buildActionMask = 2147483647;
			files = (
				BD10D8F628A3F80D00D87011 /* demoUITests.swift in Sources */,
				BD10D8F828A3F80D00D87011 /* demoUITestsLaunchTests.swift in Sources */,
			);
			runOnlyForDeploymentPostprocessing = 0;
		};
/* End PBXSourcesBuildPhase section */

/* Begin PBXTargetDependency section */
		BD10D8E928A3F80D00D87011 /* PBXTargetDependency */ = {
			isa = PBXTargetDependency;
			target = BD10D8CD28A3F80B00D87011 /* demo */;
			targetProxy = BD10D8E828A3F80D00D87011 /* PBXContainerItemProxy */;
		};
		BD10D8F328A3F80D00D87011 /* PBXTargetDependency */ = {
			isa = PBXTargetDependency;
			target = BD10D8CD28A3F80B00D87011 /* demo */;
			targetProxy = BD10D8F228A3F80D00D87011 /* PBXContainerItemProxy */;
		};
/* End PBXTargetDependency section */

/* Begin PBXVariantGroup section */
		BD10D8D728A3F80B00D87011 /* Main.storyboard */ = {
			isa = PBXVariantGroup;
			children = (
				BD10D8D828A3F80B00D87011 /* Base */,
			);
			name = Main.storyboard;
			sourceTree = "<group>";
		};
		BD10D8DF28A3F80D00D87011 /* LaunchScreen.storyboard */ = {
			isa = PBXVariantGroup;
			children = (
				BD10D8E028A3F80D00D87011 /* Base */,
			);
			name = LaunchScreen.storyboard;
			sourceTree = "<group>";
		};
/* End PBXVariantGroup section */

/* Begin XCBuildConfiguration section */
		BD10D8F928A3F80D00D87011 /* Debug */ = {
			isa = XCBuildConfiguration;
			buildSettings = {
				ALWAYS_SEARCH_USER_PATHS = NO;
				CLANG_ANALYZER_NONNULL = YES;
				CLANG_ANALYZER_NUMBER_OBJECT_CONVERSION = YES_AGGRESSIVE;
				CLANG_CXX_LANGUAGE_STANDARD = "gnu++17";
				CLANG_ENABLE_MODULES = YES;
				CLANG_ENABLE_OBJC_ARC = YES;
				CLANG_ENABLE_OBJC_WEAK = YES;
				CLANG_WARN_BLOCK_CAPTURE_AUTORELEASING = YES;
				CLANG_WARN_BOOL_CONVERSION = YES;
				CLANG_WARN_COMMA = YES;
				CLANG_WARN_CONSTANT_CONVERSION = YES;
				CLANG_WARN_DEPRECATED_OBJC_IMPLEMENTATIONS = YES;
				CLANG_WARN_DIRECT_OBJC_ISA_USAGE = YES_ERROR;
				CLANG_WARN_DOCUMENTATION_COMMENTS = YES;
				CLANG_WARN_EMPTY_BODY = YES;
				CLANG_WARN_ENUM_CONVERSION = YES;
				CLANG_WARN_INFINITE_RECURSION = YES;
				CLANG_WARN_INT_CONVERSION = YES;
				CLANG_WARN_NON_LITERAL_NULL_CONVERSION = YES;
				CLANG_WARN_OBJC_IMPLICIT_RETAIN_SELF = YES;
				CLANG_WARN_OBJC_LITERAL_CONVERSION = YES;
				CLANG_WARN_OBJC_ROOT_CLASS = YES_ERROR;
				CLANG_WARN_QUOTED_INCLUDE_IN_FRAMEWORK_HEADER = YES;
				CLANG_WARN_RANGE_LOOP_ANALYSIS = YES;
				CLANG_WARN_STRICT_PROTOTYPES = YES;
				CLANG_WARN_SUSPICIOUS_MOVE = YES;
				CLANG_WARN_UNGUARDED_AVAILABILITY = YES_AGGRESSIVE;
				CLANG_WARN_UNREACHABLE_CODE = YES;
				CLANG_WARN__DUPLICATE_METHOD_MATCH = YES;
				COPY_PHASE_STRIP = NO;
				DEBUG_INFORMATION_FORMAT = dwarf;
				ENABLE_STRICT_OBJC_MSGSEND = YES;
				ENABLE_TESTABILITY = YES;
				GCC_C_LANGUAGE_STANDARD = gnu11;
				GCC_DYNAMIC_NO_PIC = NO;
				GCC_NO_COMMON_BLOCKS = YES;
				GCC_OPTIMIZATION_LEVEL = 0;
				GCC_PREPROCESSOR_DEFINITIONS = (
					"DEBUG=1",
					"$(inherited)",
				);
				GCC_WARN_64_TO_32_BIT_CONVERSION = YES;
				GCC_WARN_ABOUT_RETURN_TYPE = YES_ERROR;
				GCC_WARN_UNDECLARED_SELECTOR = YES;
				GCC_WARN_UNINITIALIZED_AUTOS = YES_AGGRESSIVE;
				GCC_WARN_UNUSED_FUNCTION = YES;
				GCC_WARN_UNUSED_VARIABLE = YES;
				IPHONEOS_DEPLOYMENT_TARGET = 15.5;
				MTL_ENABLE_DEBUG_INFO = INCLUDE_SOURCE;
				MTL_FAST_MATH = YES;
				ONLY_ACTIVE_ARCH = YES;
				SDKROOT = iphoneos;
				SWIFT_ACTIVE_COMPILATION_CONDITIONS = DEBUG;
				SWIFT_OPTIMIZATION_LEVEL = "-Onone";
			};
			name = Debug;
		};
		BD10D8FA28A3F80D00D87011 /* Release */ = {
			isa = XCBuildConfiguration;
			buildSettings = {
				ALWAYS_SEARCH_USER_PATHS = NO;
				CLANG_ANALYZER_NONNULL = YES;
				CLANG_ANALYZER_NUMBER_OBJECT_CONVERSION = YES_AGGRESSIVE;
				CLANG_CXX_LANGUAGE_STANDARD = "gnu++17";
				CLANG_ENABLE_MODULES = YES;
				CLANG_ENABLE_OBJC_ARC = YES;
				CLANG_ENABLE_OBJC_WEAK = YES;
				CLANG_WARN_BLOCK_CAPTURE_AUTORELEASING = YES;
				CLANG_WARN_BOOL_CONVERSION = YES;
				CLANG_WARN_COMMA = YES;
				CLANG_WARN_CONSTANT_CONVERSION = YES;
				CLANG_WARN_DEPRECATED_OBJC_IMPLEMENTATIONS = YES;
				CLANG_WARN_DIRECT_OBJC_ISA_USAGE = YES_ERROR;
				CLANG_WARN_DOCUMENTATION_COMMENTS = YES;
				CLANG_WARN_EMPTY_BODY = YES;
				CLANG_WARN_ENUM_CONVERSION = YES;
				CLANG_WARN_INFINITE_RECURSION = YES;
				CLANG_WARN_INT_CONVERSION = YES;
				CLANG_WARN_NON_LITERAL_NULL_CONVERSION = YES;
				CLANG_WARN_OBJC_IMPLICIT_RETAIN_SELF = YES;
				CLANG_WARN_OBJC_LITERAL_CONVERSION = YES;
				CLANG_WARN_OBJC_ROOT_CLASS = YES_ERROR;
				CLANG_WARN_QUOTED_INCLUDE_IN_FRAMEWORK_HEADER = YES;
				CLANG_WARN_RANGE_LOOP_ANALYSIS = YES;
				CLANG_WARN_STRICT_PROTOTYPES = YES;
				CLANG_WARN_SUSPICIOUS_MOVE = YES;
				CLANG_WARN_UNGUARDED_AVAILABILITY = YES_AGGRESSIVE;
				CLANG_WARN_UNREACHABLE_CODE = YES;
				CLANG_WARN__DUPLICATE_METHOD_MATCH = YES;
				COPY_PHASE_STRIP = NO;
				DEBUG_INFORMATION_FORMAT = "dwarf-with-dsym";
				ENABLE_NS_ASSERTIONS = NO;
				ENABLE_STRICT_OBJC_MSGSEND = YES;
				GCC_C_LANGUAGE_STANDARD = gnu11;
				GCC_NO_COMMON_BLOCKS = YES;
				GCC_WARN_64_TO_32_BIT_CONVERSION = YES;
				GCC_WARN_ABOUT_RETURN_TYPE = YES_ERROR;
				GCC_WARN_UNDECLARED_SELECTOR = YES;
				GCC_WARN_UNINITIALIZED_AUTOS = YES_AGGRESSIVE;
				GCC_WARN_UNUSED_FUNCTION = YES;
				GCC_WARN_UNUSED_VARIABLE = YES;
				IPHONEOS_DEPLOYMENT_TARGET = 15.5;
				MTL_ENABLE_DEBUG_INFO = NO;
				MTL_FAST_MATH = YES;
				SDKROOT = iphoneos;
				SWIFT_COMPILATION_MODE = wholemodule;
				SWIFT_OPTIMIZATION_LEVEL = "-O";
				VALIDATE_PRODUCT = YES;
			};
			name = Release;
		};
		BD10D8FC28A3F80D00D87011 /* Debug */ = {
			isa = XCBuildConfiguration;
			buildSettings = {
				ASSETCATALOG_COMPILER_APPICON_NAME = AppIcon;
				ASSETCATALOG_COMPILER_GLOBAL_ACCENT_COLOR_NAME = AccentColor;
				CODE_SIGN_STYLE = Automatic;
				CURRENT_PROJECT_VERSION = 1;
				GENERATE_INFOPLIST_FILE = YES;
				INFOPLIST_FILE = demo/Info.plist;
				INFOPLIST_KEY_UIApplicationSupportsIndirectInputEvents = YES;
				INFOPLIST_KEY_UILaunchStoryboardName = LaunchScreen;
				INFOPLIST_KEY_UIMainStoryboardFile = Main;
				INFOPLIST_KEY_UISupportedInterfaceOrientations_iPad = "UIInterfaceOrientationPortrait UIInterfaceOrientationPortraitUpsideDown UIInterfaceOrientationLandscapeLeft UIInterfaceOrientationLandscapeRight";
				INFOPLIST_KEY_UISupportedInterfaceOrientations_iPhone = "UIInterfaceOrientationPortrait UIInterfaceOrientationLandscapeLeft UIInterfaceOrientationLandscapeRight";
				LD_RUNPATH_SEARCH_PATHS = (
					"$(inherited)",
					"@executable_path/Frameworks",
				);
				MARKETING_VERSION = 1.0;
				PRODUCT_BUNDLE_IDENTIFIER = kwk.demo;
				PRODUCT_NAME = "$(TARGET_NAME)";
				SWIFT_EMIT_LOC_STRINGS = YES;
				SWIFT_VERSION = 5.0;
				TARGETED_DEVICE_FAMILY = "1,2";
			};
			name = Debug;
		};
		BD10D8FD28A3F80D00D87011 /* Release */ = {
			isa = XCBuildConfiguration;
			buildSettings = {
				ASSETCATALOG_COMPILER_APPICON_NAME = AppIcon;
				ASSETCATALOG_COMPILER_GLOBAL_ACCENT_COLOR_NAME = AccentColor;
				CODE_SIGN_STYLE = Automatic;
				CURRENT_PROJECT_VERSION = 1;
				GENERATE_INFOPLIST_FILE = YES;
				INFOPLIST_FILE = demo/Info.plist;
				INFOPLIST_KEY_UIApplicationSupportsIndirectInputEvents = YES;
				INFOPLIST_KEY_UILaunchStoryboardName = LaunchScreen;
				INFOPLIST_KEY_UIMainStoryboardFile = Main;
				INFOPLIST_KEY_UISupportedInterfaceOrientations_iPad = "UIInterfaceOrientationPortrait UIInterfaceOrientationPortraitUpsideDown UIInterfaceOrientationLandscapeLeft UIInterfaceOrientationLandscapeRight";
				INFOPLIST_KEY_UISupportedInterfaceOrientations_iPhone = "UIInterfaceOrientationPortrait UIInterfaceOrientationLandscapeLeft UIInterfaceOrientationLandscapeRight";
				LD_RUNPATH_SEARCH_PATHS = (
					"$(inherited)",
					"@executable_path/Frameworks",
				);
				MARKETING_VERSION = 1.0;
				PRODUCT_BUNDLE_IDENTIFIER = kwk.demo;
				PRODUCT_NAME = "$(TARGET_NAME)";
				SWIFT_EMIT_LOC_STRINGS = YES;
				SWIFT_VERSION = 5.0;
				TARGETED_DEVICE_FAMILY = "1,2";
			};
			name = Release;
		};
		BD10D8FF28A3F80D00D87011 /* Debug */ = {
			isa = XCBuildConfiguration;
			buildSettings = {
				ALWAYS_EMBED_SWIFT_STANDARD_LIBRARIES = YES;
				BUNDLE_LOADER = "$(TEST_HOST)";
				CODE_SIGN_STYLE = Automatic;
				CURRENT_PROJECT_VERSION = 1;
				GENERATE_INFOPLIST_FILE = YES;
				IPHONEOS_DEPLOYMENT_TARGET = 15.5;
				MARKETING_VERSION = 1.0;
				PRODUCT_BUNDLE_IDENTIFIER = kwk.demoTests;
				PRODUCT_NAME = "$(TARGET_NAME)";
				SWIFT_EMIT_LOC_STRINGS = NO;
				SWIFT_VERSION = 5.0;
				TARGETED_DEVICE_FAMILY = "1,2";
				TEST_HOST = "$(BUILT_PRODUCTS_DIR)/demo.app/demo";
			};
			name = Debug;
		};
		BD10D90028A3F80D00D87011 /* Release */ = {
			isa = XCBuildConfiguration;
			buildSettings = {
				ALWAYS_EMBED_SWIFT_STANDARD_LIBRARIES = YES;
				BUNDLE_LOADER = "$(TEST_HOST)";
				CODE_SIGN_STYLE = Automatic;
				CURRENT_PROJECT_VERSION = 1;
				GENERATE_INFOPLIST_FILE = YES;
				IPHONEOS_DEPLOYMENT_TARGET = 15.5;
				MARKETING_VERSION = 1.0;
				PRODUCT_BUNDLE_IDENTIFIER = kwk.demoTests;
				PRODUCT_NAME = "$(TARGET_NAME)";
				SWIFT_EMIT_LOC_STRINGS = NO;
				SWIFT_VERSION = 5.0;
				TARGETED_DEVICE_FAMILY = "1,2";
				TEST_HOST = "$(BUILT_PRODUCTS_DIR)/demo.app/demo";
			};
			name = Release;
		};
		BD10D90228A3F80D00D87011 /* Debug */ = {
			isa = XCBuildConfiguration;
			buildSettings = {
				ALWAYS_EMBED_SWIFT_STANDARD_LIBRARIES = YES;
				CODE_SIGN_STYLE = Automatic;
				CURRENT_PROJECT_VERSION = 1;
				GENERATE_INFOPLIST_FILE = YES;
				MARKETING_VERSION = 1.0;
				PRODUCT_BUNDLE_IDENTIFIER = kwk.demoUITests;
				PRODUCT_NAME = "$(TARGET_NAME)";
				SWIFT_EMIT_LOC_STRINGS = NO;
				SWIFT_VERSION = 5.0;
				TARGETED_DEVICE_FAMILY = "1,2";
				TEST_TARGET_NAME = demo;
			};
			name = Debug;
		};
		BD10D90328A3F80D00D87011 /* Release */ = {
			isa = XCBuildConfiguration;
			buildSettings = {
				ALWAYS_EMBED_SWIFT_STANDARD_LIBRARIES = YES;
				CODE_SIGN_STYLE = Automatic;
				CURRENT_PROJECT_VERSION = 1;
				GENERATE_INFOPLIST_FILE = YES;
				MARKETING_VERSION = 1.0;
				PRODUCT_BUNDLE_IDENTIFIER = kwk.demoUITests;
				PRODUCT_NAME = "$(TARGET_NAME)";
				SWIFT_EMIT_LOC_STRINGS = NO;
				SWIFT_VERSION = 5.0;
				TARGETED_DEVICE_FAMILY = "1,2";
				TEST_TARGET_NAME = demo;
			};
			name = Release;
		};
/* End XCBuildConfiguration section */

/* Begin XCConfigurationList section */
		BD10D8C928A3F80B00D87011 /* Build configuration list for PBXProject "demo" */ = {
			isa = XCConfigurationList;
			buildConfigurations = (
				BD10D8F928A3F80D00D87011 /* Debug */,
				BD10D8FA28A3F80D00D87011 /* Release */,
			);
			defaultConfigurationIsVisible = 0;
			defaultConfigurationName = Release;
		};
		BD10D8FB28A3F80D00D87011 /* Build configuration list for PBXNativeTarget "demo" */ = {
			isa = XCConfigurationList;
			buildConfigurations = (
				BD10D8FC28A3F80D00D87011 /* Debug */,
				BD10D8FD28A3F80D00D87011 /* Release */,
			);
			defaultConfigurationIsVisible = 0;
			defaultConfigurationName = Release;
		};
		BD10D8FE28A3F80D00D87011 /* Build configuration list for PBXNativeTarget "demoTests" */ = {
			isa = XCConfigurationList;
			buildConfigurations = (
				BD10D8FF28A3F80D00D87011 /* Debug */,
				BD10D90028A3F80D00D87011 /* Release */,
			);
			defaultConfigurationIsVisible = 0;
			defaultConfigurationName = Release;
		};
		BD10D90128A3F80D00D87011 /* Build configuration list for PBXNativeTarget "demoUITests" */ = {
			isa = XCConfigurationList;
			buildConfigurations = (
				BD10D90228A3F80D00D87011 /* Debug */,
				BD10D90328A3F80D00D87011 /* Release */,
			);
			defaultConfigurationIsVisible = 0;
			defaultConfigurationName = Release;
		};
/* End XCConfigurationList section */

/* Begin XCVersionGroup section */
		BD10D8DA28A3F80B00D87011 /* demo.xcdatamodeld */ = {
			isa = XCVersionGroup;
			children = (
				BD10D8DB28A3F80B00D87011 /* demo.xcdatamodel */,
			);
			currentVersion = BD10D8DB28A3F80B00D87011 /* demo.xcdatamodel */;
			path = demo.xcdatamodeld;
			sourceTree = "<group>";
			versionGroupType = wrapper.xcdatamodel;
		};
/* End XCVersionGroup section */
	};
	rootObject = BD10D8C628A3F80B00D87011 /* Project object */;
}
